<?xml version="1.0" encoding="UTF-8" standalone="yes" ?>
<CodeBlocks_project_file>
	<FileVersion major="1" minor="6" />
	<Project>
		<Option title="UpSpaceAPI" />
		<Option pch_mode="2" />
		<Option compiler="gcc" />
		<Build>
			<Target title="Debug">
				<Option output="bin/Debug/UpSpaceAPI" prefix_auto="1" extension_auto="1" />
				<Option object_output="obj/Debug/" />
				<Option type="1" />
				<Option compiler="gcc" />
				<Compiler>
					<Add option="-std=c++0x" />
					<Add option="-g" />
					<Add option="-DArash" />
					<Add directory="include" />
					<Add directory="mainsrc" />
				</Compiler>
				<Linker>
					<Add library="$(VTK_build)/lib/libvtkalglib-8.1.so" />
					<Add library="$(VTK_build)/lib/libvtkChartsCore-8.1.so" />
					<Add library="$(VTK_build)/lib/libvtkCommonColor-8.1.so" />
					<Add library="$(VTK_build)/lib/libvtkCommonComputationalGeometry-8.1.so" />
					<Add library="$(VTK_build)/lib/libvtkCommonCore-8.1.so" />
					<Add library="$(VTK_build)/lib/libvtkCommonDataModel-8.1.so" />
					<Add library="$(VTK_build)/lib/libvtkCommonExecutionModel-8.1.so" />
					<Add library="$(VTK_build)/lib/libvtkCommonMath-8.1.so" />
					<Add library="$(VTK_build)/lib/libvtkCommonMisc-8.1.so" />
					<Add library="$(VTK_build)/lib/libvtkCommonSystem-8.1.so" />
					<Add library="$(VTK_build)/lib/libvtkCommonTransforms-8.1.so" />
					<Add library="$(VTK_build)/lib/libvtkDICOMParser-8.1.so" />
					<Add library="$(VTK_build)/lib/libvtkDomainsChemistry-8.1.so" />
					<Add library="$(VTK_build)/lib/libvtkDomainsChemistryOpenGL2-8.1.so" />
					<Add library="$(VTK_build)/lib/libvtkexoIIc-8.1.so" />
					<Add library="$(VTK_build)/lib/libvtkexpat-8.1.so" />
					<Add library="$(VTK_build)/lib/libvtkFiltersAMR-8.1.so" />
					<Add library="$(VTK_build)/lib/libvtkFiltersCore-8.1.so" />
					<Add library="$(VTK_build)/lib/libvtkFiltersExtraction-8.1.so" />
					<Add library="$(VTK_build)/lib/libvtkFiltersFlowPaths-8.1.so" />
					<Add library="$(VTK_build)/lib/libvtkFiltersGeneral-8.1.so" />
					<Add library="$(VTK_build)/lib/libvtkFiltersGeneric-8.1.so" />
					<Add library="$(VTK_build)/lib/libvtkFiltersGeometry-8.1.so" />
					<Add library="$(VTK_build)/lib/libvtkFiltersHybrid-8.1.so" />
					<Add library="$(VTK_build)/lib/libvtkFiltersHyperTree-8.1.so" />
					<Add library="$(VTK_build)/lib/libvtkFiltersImaging-8.1.so" />
					<Add library="$(VTK_build)/lib/libvtkFiltersModeling-8.1.so" />
					<Add library="$(VTK_build)/lib/libvtkFiltersParallel-8.1.so" />
					<Add library="$(VTK_build)/lib/libvtkFiltersParallelImaging-8.1.so" />
					<Add library="$(VTK_build)/lib/libvtkFiltersPoints-8.1.so" />
					<Add library="$(VTK_build)/lib/libvtkFiltersProgrammable-8.1.so" />
					<Add library="$(VTK_build)/lib/libvtkFiltersSelection-8.1.so" />
					<Add library="$(VTK_build)/lib/libvtkFiltersSMP-8.1.so" />
					<Add library="$(VTK_build)/lib/libvtkFiltersSources-8.1.so" />
					<Add library="$(VTK_build)/lib/libvtkFiltersStatistics-8.1.so" />
					<Add library="$(VTK_build)/lib/libvtkFiltersTexture-8.1.so" />
					<Add library="$(VTK_build)/lib/libvtkFiltersTopology-8.1.so" />
					<Add library="$(VTK_build)/lib/libvtkFiltersVerdict-8.1.so" />
					<Add library="$(VTK_build)/lib/libvtkfreetype-8.1.so" />
					<Add library="$(VTK_build)/lib/libvtkGeovisCore-8.1.so" />
					<Add library="$(VTK_build)/lib/libvtkgl2ps-8.1.so" />
					<Add library="$(VTK_build)/lib/libvtkglew-8.1.so" />
					<Add library="$(VTK_build)/lib/libvtkhdf5-8.1.so" />
					<Add library="$(VTK_build)/lib/libvtkhdf5_hl-8.1.so" />
					<Add library="$(VTK_build)/lib/libvtkImagingColor-8.1.so" />
					<Add library="$(VTK_build)/lib/libvtkImagingCore-8.1.so" />
					<Add library="$(VTK_build)/lib/libvtkImagingFourier-8.1.so" />
					<Add library="$(VTK_build)/lib/libvtkImagingGeneral-8.1.so" />
					<Add library="$(VTK_build)/lib/libvtkImagingHybrid-8.1.so" />
					<Add library="$(VTK_build)/lib/libvtkImagingMath-8.1.so" />
					<Add library="$(VTK_build)/lib/libvtkImagingMorphological-8.1.so" />
					<Add library="$(VTK_build)/lib/libvtkImagingSources-8.1.so" />
					<Add library="$(VTK_build)/lib/libvtkImagingStatistics-8.1.so" />
					<Add library="$(VTK_build)/lib/libvtkImagingStencil-8.1.so" />
					<Add library="$(VTK_build)/lib/libvtkInfovisCore-8.1.so" />
					<Add library="$(VTK_build)/lib/libvtkInfovisLayout-8.1.so" />
					<Add library="$(VTK_build)/lib/libvtkInteractionImage-8.1.so" />
					<Add library="$(VTK_build)/lib/libvtkInteractionStyle-8.1.so" />
					<Add library="$(VTK_build)/lib/libvtkInteractionWidgets-8.1.so" />
					<Add library="$(VTK_build)/lib/libvtkIOAMR-8.1.so" />
					<Add library="$(VTK_build)/lib/libvtkIOCore-8.1.so" />
					<Add library="$(VTK_build)/lib/libvtkIOEnSight-8.1.so" />
					<Add library="$(VTK_build)/lib/libvtkIOExodus-8.1.so" />
					<Add library="$(VTK_build)/lib/libvtkIOExport-8.1.so" />
					<Add library="$(VTK_build)/lib/libvtkIOExportOpenGL2-8.1.so" />
					<Add library="$(VTK_build)/lib/libvtkIOGeometry-8.1.so" />
					<Add library="$(VTK_build)/lib/libvtkIOImage-8.1.so" />
					<Add library="$(VTK_build)/lib/libvtkIOImport-8.1.so" />
					<Add library="$(VTK_build)/lib/libvtkIOInfovis-8.1.so" />
					<Add library="$(VTK_build)/lib/libvtkIOLegacy-8.1.so" />
					<Add library="$(VTK_build)/lib/libvtkIOLSDyna-8.1.so" />
					<Add library="$(VTK_build)/lib/libvtkIOMINC-8.1.so" />
					<Add library="$(VTK_build)/lib/libvtkIOMovie-8.1.so" />
					<Add library="$(VTK_build)/lib/libvtkIONetCDF-8.1.so" />
					<Add library="$(VTK_build)/lib/libvtkIOParallel-8.1.so" />
					<Add library="$(VTK_build)/lib/libvtkIOParallelXML-8.1.so" />
					<Add library="$(VTK_build)/lib/libvtkIOPLY-8.1.so" />
					<Add library="$(VTK_build)/lib/libvtkIOSQL-8.1.so" />
					<Add library="$(VTK_build)/lib/libvtkIOTecplotTable-8.1.so" />
					<Add library="$(VTK_build)/lib/libvtkIOVideo-8.1.so" />
					<Add library="$(VTK_build)/lib/libvtkIOXML-8.1.so" />
					<Add library="$(VTK_build)/lib/libvtkIOXMLParser-8.1.so" />
					<Add library="$(VTK_build)/lib/libvtkjpeg-8.1.so" />
					<Add library="$(VTK_build)/lib/libvtkjsoncpp-8.1.so" />
					<Add library="$(VTK_build)/lib/libvtklibharu-8.1.so" />
					<Add library="$(VTK_build)/lib/libvtklibxml2-8.1.so" />
					<Add library="$(VTK_build)/lib/libvtklz4-8.1.so" />
					<Add library="$(VTK_build)/lib/libvtkmetaio-8.1.so" />
					<Add library="$(VTK_build)/lib/libvtkNetCDF-8.1.so" />
					<Add library="$(VTK_build)/lib/libvtknetcdfcpp-8.1.so" />
					<Add library="$(VTK_build)/lib/libvtkoggtheora-8.1.so" />
					<Add library="$(VTK_build)/lib/libvtkParallelCore-8.1.so" />
					<Add library="$(VTK_build)/lib/libvtkpng-8.1.so" />
					<Add library="$(VTK_build)/lib/libvtkproj4-8.1.so" />
					<Add library="$(VTK_build)/lib/libvtkRenderingAnnotation-8.1.so" />
					<Add library="$(VTK_build)/lib/libvtkRenderingContext2D-8.1.so" />
					<Add library="$(VTK_build)/lib/libvtkRenderingContextOpenGL2-8.1.so" />
					<Add library="$(VTK_build)/lib/libvtkRenderingCore-8.1.so" />
					<Add library="$(VTK_build)/lib/libvtkRenderingFreeType-8.1.so" />
					<Add library="$(VTK_build)/lib/libvtkRenderingGL2PSOpenGL2-8.1.so" />
					<Add library="$(VTK_build)/lib/libvtkRenderingImage-8.1.so" />
					<Add library="$(VTK_build)/lib/libvtkRenderingLabel-8.1.so" />
					<Add library="$(VTK_build)/lib/libvtkRenderingLOD-8.1.so" />
					<Add library="$(VTK_build)/lib/libvtkRenderingOpenGL2-8.1.so" />
					<Add library="$(VTK_build)/lib/libvtkRenderingVolume-8.1.so" />
					<Add library="$(VTK_build)/lib/libvtkRenderingVolumeOpenGL2-8.1.so" />
					<Add library="$(VTK_build)/lib/libvtksqlite-8.1.so" />
					<Add library="$(VTK_build)/lib/libvtksys-8.1.so" />
					<Add library="$(VTK_build)/lib/libvtktiff-8.1.so" />
					<Add library="$(VTK_build)/lib/libvtkverdict-8.1.so" />
					<Add library="$(VTK_build)/lib/libvtkViewsContext2D-8.1.so" />
					<Add library="$(VTK_build)/lib/libvtkViewsCore-8.1.so" />
					<Add library="$(VTK_build)/lib/libvtkViewsInfovis-8.1.so" />
					<Add library="$(VTK_build)/lib/libvtkzlib-8.1.so" />
					<Add library="/usr/local/lib/libsuperlu.so" />
				</Linker>
				<Environment>
					<Variable name="VTK" value="/home/arash/VTK-8.1.0" />
					<Variable name="VTK_build" value="/home/arash/VTK-8.1-build" />
				</Environment>
			</Target>
			<Target title="Release">
				<Option output="bin/Release/UpSpaceAPI" prefix_auto="1" extension_auto="1" />
				<Option object_output="obj/Release/" />
				<Option type="1" />
				<Option compiler="gcc" />
				<Compiler>
					<Add option="-O2" />
					<Add option="-DArash" />
					<Add directory="include" />
					<Add directory="mainsrc" />
				</Compiler>
				<Linker>
					<Add option="-s" />
					<Add library="$(VTK_build)/lib/libvtkalglib-8.1.so" />
					<Add library="$(VTK_build)/lib/libvtkChartsCore-8.1.so" />
					<Add library="$(VTK_build)/lib/libvtkCommonColor-8.1.so" />
					<Add library="$(VTK_build)/lib/libvtkCommonComputationalGeometry-8.1.so" />
					<Add library="$(VTK_build)/lib/libvtkCommonCore-8.1.so" />
					<Add library="$(VTK_build)/lib/libvtkCommonDataModel-8.1.so" />
					<Add library="$(VTK_build)/lib/libvtkCommonExecutionModel-8.1.so" />
					<Add library="$(VTK_build)/lib/libvtkCommonMath-8.1.so" />
					<Add library="$(VTK_build)/lib/libvtkCommonMisc-8.1.so" />
					<Add library="$(VTK_build)/lib/libvtkCommonSystem-8.1.so" />
					<Add library="$(VTK_build)/lib/libvtkCommonTransforms-8.1.so" />
					<Add library="$(VTK_build)/lib/libvtkDICOMParser-8.1.so" />
					<Add library="$(VTK_build)/lib/libvtkDomainsChemistry-8.1.so" />
					<Add library="$(VTK_build)/lib/libvtkDomainsChemistryOpenGL2-8.1.so" />
					<Add library="$(VTK_build)/lib/libvtkexoIIc-8.1.so" />
					<Add library="$(VTK_build)/lib/libvtkexpat-8.1.so" />
					<Add library="$(VTK_build)/lib/libvtkFiltersAMR-8.1.so" />
					<Add library="$(VTK_build)/lib/libvtkFiltersCore-8.1.so" />
					<Add library="$(VTK_build)/lib/libvtkFiltersExtraction-8.1.so" />
					<Add library="$(VTK_build)/lib/libvtkFiltersFlowPaths-8.1.so" />
					<Add library="$(VTK_build)/lib/libvtkFiltersGeneral-8.1.so" />
					<Add library="$(VTK_build)/lib/libvtkFiltersGeneric-8.1.so" />
					<Add library="$(VTK_build)/lib/libvtkFiltersGeometry-8.1.so" />
					<Add library="$(VTK_build)/lib/libvtkFiltersHybrid-8.1.so" />
					<Add library="$(VTK_build)/lib/libvtkFiltersHyperTree-8.1.so" />
					<Add library="$(VTK_build)/lib/libvtkFiltersImaging-8.1.so" />
					<Add library="$(VTK_build)/lib/libvtkFiltersModeling-8.1.so" />
					<Add library="$(VTK_build)/lib/libvtkFiltersParallel-8.1.so" />
					<Add library="$(VTK_build)/lib/libvtkFiltersParallelImaging-8.1.so" />
					<Add library="$(VTK_build)/lib/libvtkFiltersPoints-8.1.so" />
					<Add library="$(VTK_build)/lib/libvtkFiltersProgrammable-8.1.so" />
					<Add library="$(VTK_build)/lib/libvtkFiltersSelection-8.1.so" />
					<Add library="$(VTK_build)/lib/libvtkFiltersSMP-8.1.so" />
					<Add library="$(VTK_build)/lib/libvtkFiltersSources-8.1.so" />
					<Add library="$(VTK_build)/lib/libvtkFiltersStatistics-8.1.so" />
					<Add library="$(VTK_build)/lib/libvtkFiltersTexture-8.1.so" />
					<Add library="$(VTK_build)/lib/libvtkFiltersTopology-8.1.so" />
					<Add library="$(VTK_build)/lib/libvtkFiltersVerdict-8.1.so" />
					<Add library="$(VTK_build)/lib/libvtkfreetype-8.1.so" />
					<Add library="$(VTK_build)/lib/libvtkGeovisCore-8.1.so" />
					<Add library="$(VTK_build)/lib/libvtkgl2ps-8.1.so" />
					<Add library="$(VTK_build)/lib/libvtkglew-8.1.so" />
					<Add library="$(VTK_build)/lib/libvtkhdf5-8.1.so" />
					<Add library="$(VTK_build)/lib/libvtkhdf5_hl-8.1.so" />
					<Add library="$(VTK_build)/lib/libvtkImagingColor-8.1.so" />
					<Add library="$(VTK_build)/lib/libvtkImagingCore-8.1.so" />
					<Add library="$(VTK_build)/lib/libvtkImagingFourier-8.1.so" />
					<Add library="$(VTK_build)/lib/libvtkImagingGeneral-8.1.so" />
					<Add library="$(VTK_build)/lib/libvtkImagingHybrid-8.1.so" />
					<Add library="$(VTK_build)/lib/libvtkImagingMath-8.1.so" />
					<Add library="$(VTK_build)/lib/libvtkImagingMorphological-8.1.so" />
					<Add library="$(VTK_build)/lib/libvtkImagingSources-8.1.so" />
					<Add library="$(VTK_build)/lib/libvtkImagingStatistics-8.1.so" />
					<Add library="$(VTK_build)/lib/libvtkImagingStencil-8.1.so" />
					<Add library="$(VTK_build)/lib/libvtkInfovisCore-8.1.so" />
					<Add library="$(VTK_build)/lib/libvtkInfovisLayout-8.1.so" />
					<Add library="$(VTK_build)/lib/libvtkInteractionImage-8.1.so" />
					<Add library="$(VTK_build)/lib/libvtkInteractionStyle-8.1.so" />
					<Add library="$(VTK_build)/lib/libvtkInteractionWidgets-8.1.so" />
					<Add library="$(VTK_build)/lib/libvtkIOAMR-8.1.so" />
					<Add library="$(VTK_build)/lib/libvtkIOCore-8.1.so" />
					<Add library="$(VTK_build)/lib/libvtkIOEnSight-8.1.so" />
					<Add library="$(VTK_build)/lib/libvtkIOExodus-8.1.so" />
					<Add library="$(VTK_build)/lib/libvtkIOExport-8.1.so" />
					<Add library="$(VTK_build)/lib/libvtkIOExportOpenGL2-8.1.so" />
					<Add library="$(VTK_build)/lib/libvtkIOGeometry-8.1.so" />
					<Add library="$(VTK_build)/lib/libvtkIOImage-8.1.so" />
					<Add library="$(VTK_build)/lib/libvtkIOImport-8.1.so" />
					<Add library="$(VTK_build)/lib/libvtkIOInfovis-8.1.so" />
					<Add library="$(VTK_build)/lib/libvtkIOLegacy-8.1.so" />
					<Add library="$(VTK_build)/lib/libvtkIOLSDyna-8.1.so" />
					<Add library="$(VTK_build)/lib/libvtkIOMINC-8.1.so" />
					<Add library="$(VTK_build)/lib/libvtkIOMovie-8.1.so" />
					<Add library="$(VTK_build)/lib/libvtkIONetCDF-8.1.so" />
					<Add library="$(VTK_build)/lib/libvtkIOParallel-8.1.so" />
					<Add library="$(VTK_build)/lib/libvtkIOParallelXML-8.1.so" />
					<Add library="$(VTK_build)/lib/libvtkIOPLY-8.1.so" />
					<Add library="$(VTK_build)/lib/libvtkIOSQL-8.1.so" />
					<Add library="$(VTK_build)/lib/libvtkIOTecplotTable-8.1.so" />
					<Add library="$(VTK_build)/lib/libvtkIOVideo-8.1.so" />
					<Add library="$(VTK_build)/lib/libvtkIOXML-8.1.so" />
					<Add library="$(VTK_build)/lib/libvtkIOXMLParser-8.1.so" />
					<Add library="$(VTK_build)/lib/libvtkjpeg-8.1.so" />
					<Add library="$(VTK_build)/lib/libvtkjsoncpp-8.1.so" />
					<Add library="$(VTK_build)/lib/libvtklibharu-8.1.so" />
					<Add library="$(VTK_build)/lib/libvtklibxml2-8.1.so" />
					<Add library="$(VTK_build)/lib/libvtklz4-8.1.so" />
					<Add library="$(VTK_build)/lib/libvtkmetaio-8.1.so" />
					<Add library="$(VTK_build)/lib/libvtkNetCDF-8.1.so" />
					<Add library="$(VTK_build)/lib/libvtknetcdfcpp-8.1.so" />
					<Add library="$(VTK_build)/lib/libvtkoggtheora-8.1.so" />
					<Add library="$(VTK_build)/lib/libvtkParallelCore-8.1.so" />
					<Add library="$(VTK_build)/lib/libvtkpng-8.1.so" />
					<Add library="$(VTK_build)/lib/libvtkproj4-8.1.so" />
					<Add library="$(VTK_build)/lib/libvtkRenderingAnnotation-8.1.so" />
					<Add library="$(VTK_build)/lib/libvtkRenderingContext2D-8.1.so" />
					<Add library="$(VTK_build)/lib/libvtkRenderingContextOpenGL2-8.1.so" />
					<Add library="$(VTK_build)/lib/libvtkRenderingCore-8.1.so" />
					<Add library="$(VTK_build)/lib/libvtkRenderingFreeType-8.1.so" />
					<Add library="$(VTK_build)/lib/libvtkRenderingGL2PSOpenGL2-8.1.so" />
					<Add library="$(VTK_build)/lib/libvtkRenderingImage-8.1.so" />
					<Add library="$(VTK_build)/lib/libvtkRenderingLabel-8.1.so" />
					<Add library="$(VTK_build)/lib/libvtkRenderingLOD-8.1.so" />
					<Add library="$(VTK_build)/lib/libvtkRenderingOpenGL2-8.1.so" />
					<Add library="$(VTK_build)/lib/libvtkRenderingVolume-8.1.so" />
					<Add library="$(VTK_build)/lib/libvtkRenderingVolumeOpenGL2-8.1.so" />
					<Add library="$(VTK_build)/lib/libvtksqlite-8.1.so" />
					<Add library="$(VTK_build)/lib/libvtksys-8.1.so" />
					<Add library="$(VTK_build)/lib/libvtktiff-8.1.so" />
					<Add library="$(VTK_build)/lib/libvtkverdict-8.1.so" />
					<Add library="$(VTK_build)/lib/libvtkViewsContext2D-8.1.so" />
					<Add library="$(VTK_build)/lib/libvtkViewsCore-8.1.so" />
					<Add library="$(VTK_build)/lib/libvtkViewsInfovis-8.1.so" />
					<Add library="$(VTK_build)/lib/libvtkzlib-8.1.so" />
					<Add library="/usr/local/lib/libsuperlu.so" />
				</Linker>
				<Environment>
					<Variable name="VTK" value="/home/arash/VTK-8.1.0" />
					<Variable name="VTK_build" value="/home/arash/VTK-8.1-build" />
				</Environment>
			</Target>
			<Target title="Debug_flex">
				<Option output="bin/Debug/UpSpaceAPI" prefix_auto="1" extension_auto="1" />
				<Option object_output="obj/Debug/" />
				<Option type="1" />
				<Option compiler="gcc" />
				<Compiler>
					<Add option="-g" />
					<Add option="-std=c++0x" />
					<Add option="-DArash" />
					<Add directory="include" />
					<Add directory="mainsrc" />
				</Compiler>
				<Linker>
					<Add library="$(VTK_build)/lib/libvtkChartsCore-9.0.so" />
					<Add library="$(VTK_build)/lib/libvtkCommonColor-9.0.so" />
					<Add library="$(VTK_build)/lib/libvtkCommonComputationalGeometry-9.0.so" />
					<Add library="$(VTK_build)/lib/libvtkCommonCore-9.0.so" />
					<Add library="$(VTK_build)/lib/libvtkCommonDataModel-9.0.so" />
					<Add library="$(VTK_build)/lib/libvtkCommonExecutionModel-9.0.so" />
					<Add library="$(VTK_build)/lib/libvtkCommonMath-9.0.so" />
					<Add library="$(VTK_build)/lib/libvtkCommonMisc-9.0.so" />
					<Add library="$(VTK_build)/lib/libvtkCommonSystem-9.0.so" />
					<Add library="$(VTK_build)/lib/libvtkCommonTransforms-9.0.so" />
					<Add library="$(VTK_build)/lib/libvtkDICOMParser-9.0.so" />
					<Add library="$(VTK_build)/lib/libvtkDomainsChemistry-9.0.so" />
					<Add library="$(VTK_build)/lib/libvtkexpat-9.0.so" />
					<Add library="$(VTK_build)/lib/libvtkFiltersAMR-9.0.so" />
					<Add library="$(VTK_build)/lib/libvtkFiltersCore-9.0.so" />
					<Add library="$(VTK_build)/lib/libvtkFiltersExtraction-9.0.so" />
					<Add library="$(VTK_build)/lib/libvtkFiltersFlowPaths-9.0.so" />
					<Add library="$(VTK_build)/lib/libvtkFiltersGeneral-9.0.so" />
					<Add library="$(VTK_build)/lib/libvtkFiltersGeneric-9.0.so" />
					<Add library="$(VTK_build)/lib/libvtkFiltersGeometry-9.0.so" />
					<Add library="$(VTK_build)/lib/libvtkFiltersHybrid-9.0.so" />
					<Add library="$(VTK_build)/lib/libvtkFiltersHyperTree-9.0.so" />
					<Add library="$(VTK_build)/lib/libvtkFiltersImaging-9.0.so" />
					<Add library="$(VTK_build)/lib/libvtkFiltersModeling-9.0.so" />
					<Add library="$(VTK_build)/lib/libvtkFiltersParallel-9.0.so" />
					<Add library="$(VTK_build)/lib/libvtkFiltersParallelImaging-9.0.so" />
					<Add library="$(VTK_build)/lib/libvtkFiltersPoints-9.0.so" />
					<Add library="$(VTK_build)/lib/libvtkFiltersProgrammable-9.0.so" />
					<Add library="$(VTK_build)/lib/libvtkFiltersSelection-9.0.so" />
					<Add library="$(VTK_build)/lib/libvtkFiltersSMP-9.0.so" />
					<Add library="$(VTK_build)/lib/libvtkFiltersSources-9.0.so" />
					<Add library="$(VTK_build)/lib/libvtkFiltersStatistics-9.0.so" />
					<Add library="$(VTK_build)/lib/libvtkFiltersTexture-9.0.so" />
					<Add library="$(VTK_build)/lib/libvtkFiltersTopology-9.0.so" />
					<Add library="$(VTK_build)/lib/libvtkFiltersVerdict-9.0.so" />
					<Add library="$(VTK_build)/lib/libvtkfreetype-9.0.so" />
					<Add library="$(VTK_build)/lib/libvtkGeovisCore-9.0.so" />
					<Add library="$(VTK_build)/lib/libvtkgl2ps-9.0.so" />
					<Add library="$(VTK_build)/lib/libvtkglew-9.0.so" />
					<Add library="$(VTK_build)/lib/libvtkhdf5-9.0.so" />
					<Add library="$(VTK_build)/lib/libvtkhdf5_hl-9.0.so" />
					<Add library="$(VTK_build)/lib/libvtkImagingColor-9.0.so" />
					<Add library="$(VTK_build)/lib/libvtkImagingCore-9.0.so" />
					<Add library="$(VTK_build)/lib/libvtkImagingFourier-9.0.so" />
					<Add library="$(VTK_build)/lib/libvtkImagingGeneral-9.0.so" />
					<Add library="$(VTK_build)/lib/libvtkImagingHybrid-9.0.so" />
					<Add library="$(VTK_build)/lib/libvtkImagingMath-9.0.so" />
					<Add library="$(VTK_build)/lib/libvtkImagingMorphological-9.0.so" />
					<Add library="$(VTK_build)/lib/libvtkImagingSources-9.0.so" />
					<Add library="$(VTK_build)/lib/libvtkImagingStatistics-9.0.so" />
					<Add library="$(VTK_build)/lib/libvtkImagingStencil-9.0.so" />
					<Add library="$(VTK_build)/lib/libvtkInfovisCore-9.0.so" />
					<Add library="$(VTK_build)/lib/libvtkInfovisLayout-9.0.so" />
					<Add library="$(VTK_build)/lib/libvtkInteractionImage-9.0.so" />
					<Add library="$(VTK_build)/lib/libvtkInteractionStyle-9.0.so" />
					<Add library="$(VTK_build)/lib/libvtkInteractionWidgets-9.0.so" />
					<Add library="$(VTK_build)/lib/libvtkIOAMR-9.0.so" />
					<Add library="$(VTK_build)/lib/libvtkIOCore-9.0.so" />
					<Add library="$(VTK_build)/lib/libvtkIOEnSight-9.0.so" />
					<Add library="$(VTK_build)/lib/libvtkIOExodus-9.0.so" />
					<Add library="$(VTK_build)/lib/libvtkIOExport-9.0.so" />
					<Add library="$(VTK_build)/lib/libvtkIOGeometry-9.0.so" />
					<Add library="$(VTK_build)/lib/libvtkIOImage-9.0.so" />
					<Add library="$(VTK_build)/lib/libvtkIOImport-9.0.so" />
					<Add library="$(VTK_build)/lib/libvtkIOInfovis-9.0.so" />
					<Add library="$(VTK_build)/lib/libvtkIOLegacy-9.0.so" />
					<Add library="$(VTK_build)/lib/libvtkIOLSDyna-9.0.so" />
					<Add library="$(VTK_build)/lib/libvtkIOMINC-9.0.so" />
					<Add library="$(VTK_build)/lib/libvtkIOMovie-9.0.so" />
					<Add library="$(VTK_build)/lib/libvtkIONetCDF-9.0.so" />
					<Add library="$(VTK_build)/lib/libvtkIOParallel-9.0.so" />
					<Add library="$(VTK_build)/lib/libvtkIOParallelXML-9.0.so" />
					<Add library="$(VTK_build)/lib/libvtkIOPLY-9.0.so" />
					<Add library="$(VTK_build)/lib/libvtkIOSQL-9.0.so" />
					<Add library="$(VTK_build)/lib/libvtkIOTecplotTable-9.0.so" />
					<Add library="$(VTK_build)/lib/libvtkIOVideo-9.0.so" />
					<Add library="$(VTK_build)/lib/libvtkIOXML-9.0.so" />
					<Add library="$(VTK_build)/lib/libvtkIOXMLParser-9.0.so" />
					<Add library="$(VTK_build)/lib/libvtkjpeg-9.0.so" />
					<Add library="$(VTK_build)/lib/libvtkjsoncpp-9.0.so" />
					<Add library="$(VTK_build)/lib/libvtklibharu-9.0.so" />
					<Add library="$(VTK_build)/lib/libvtklibxml2-9.0.so" />
					<Add library="$(VTK_build)/lib/libvtklz4-9.0.so" />
					<Add library="$(VTK_build)/lib/libvtkmetaio-9.0.so" />
					<Add library="$(VTK_build)/lib/libvtkParallelCore-9.0.so" />
					<Add library="$(VTK_build)/lib/libvtkpng-9.0.so" />
					<Add library="$(VTK_build)/lib/libvtkRenderingAnnotation-9.0.so" />
					<Add library="$(VTK_build)/lib/libvtkRenderingContext2D-9.0.so" />
					<Add library="$(VTK_build)/lib/libvtkRenderingCore-9.0.so" />
					<Add library="$(VTK_build)/lib/libvtkRenderingFreeType-9.0.so" />
					<Add library="$(VTK_build)/lib/libvtkRenderingGL2PSOpenGL2-9.0.so" />
					<Add library="$(VTK_build)/lib/libvtkRenderingImage-9.0.so" />
					<Add library="$(VTK_build)/lib/libvtkRenderingLabel-9.0.so" />
					<Add library="$(VTK_build)/lib/libvtkRenderingLOD-9.0.so" />
					<Add library="$(VTK_build)/lib/libvtkRenderingOpenGL2-9.0.so" />
					<Add library="$(VTK_build)/lib/libvtkRenderingVolume-9.0.so" />
					<Add library="$(VTK_build)/lib/libvtkRenderingVolumeOpenGL2-9.0.so" />
					<Add library="$(VTK_build)/lib/libvtksqlite-9.0.so" />
					<Add library="$(VTK_build)/lib/libvtksys-9.0.so" />
					<Add library="$(VTK_build)/lib/libvtktiff-9.0.so" />
					<Add library="$(VTK_build)/lib/libvtkverdict-9.0.so" />
					<Add library="$(VTK_build)/lib/libvtkViewsContext2D-9.0.so" />
					<Add library="$(VTK_build)/lib/libvtkViewsCore-9.0.so" />
					<Add library="$(VTK_build)/lib/libvtkViewsInfovis-9.0.so" />
					<Add library="$(VTK_build)/lib/libvtkzlib-9.0.so" />
					<Add library="/usr/lib/x86_64-linux-gnu/libsuperlu.so" />
				</Linker>
				<Environment>
					<Variable name="VTK" value="/home/arash/Projects/VTK" />
					<Variable name="VTK_build" value="/home/arash/Projects/VTK-build" />
				</Environment>
			</Target>
			<Target title="Release_flex">
				<Option output="bin/Release/UpSpaceAPI" prefix_auto="1" extension_auto="1" />
				<Option object_output="obj/Release/" />
				<Option type="1" />
				<Option compiler="gcc" />
				<Compiler>
					<Add option="-O2" />
					<Add option="-DArash" />
					<Add directory="include" />
					<Add directory="mainsrc" />
				</Compiler>
				<Linker>
					<Add option="-s" />
					<Add library="$(VTK_build)/lib/libvtkChartsCore-9.0.so" />
					<Add library="$(VTK_build)/lib/libvtkCommonColor-9.0.so" />
					<Add library="$(VTK_build)/lib/libvtkCommonComputationalGeometry-9.0.so" />
					<Add library="$(VTK_build)/lib/libvtkCommonCore-9.0.so" />
					<Add library="$(VTK_build)/lib/libvtkCommonDataModel-9.0.so" />
					<Add library="$(VTK_build)/lib/libvtkCommonExecutionModel-9.0.so" />
					<Add library="$(VTK_build)/lib/libvtkCommonMath-9.0.so" />
					<Add library="$(VTK_build)/lib/libvtkCommonMisc-9.0.so" />
					<Add library="$(VTK_build)/lib/libvtkCommonSystem-9.0.so" />
					<Add library="$(VTK_build)/lib/libvtkCommonTransforms-9.0.so" />
					<Add library="$(VTK_build)/lib/libvtkDICOMParser-9.0.so" />
					<Add library="$(VTK_build)/lib/libvtkDomainsChemistry-9.0.so" />
					<Add library="$(VTK_build)/lib/libvtkexpat-9.0.so" />
					<Add library="$(VTK_build)/lib/libvtkFiltersAMR-9.0.so" />
					<Add library="$(VTK_build)/lib/libvtkFiltersCore-9.0.so" />
					<Add library="$(VTK_build)/lib/libvtkFiltersExtraction-9.0.so" />
					<Add library="$(VTK_build)/lib/libvtkFiltersFlowPaths-9.0.so" />
					<Add library="$(VTK_build)/lib/libvtkFiltersGeneral-9.0.so" />
					<Add library="$(VTK_build)/lib/libvtkFiltersGeneric-9.0.so" />
					<Add library="$(VTK_build)/lib/libvtkFiltersGeometry-9.0.so" />
					<Add library="$(VTK_build)/lib/libvtkFiltersHybrid-9.0.so" />
					<Add library="$(VTK_build)/lib/libvtkFiltersHyperTree-9.0.so" />
					<Add library="$(VTK_build)/lib/libvtkFiltersImaging-9.0.so" />
					<Add library="$(VTK_build)/lib/libvtkFiltersModeling-9.0.so" />
					<Add library="$(VTK_build)/lib/libvtkFiltersParallel-9.0.so" />
					<Add library="$(VTK_build)/lib/libvtkFiltersParallelImaging-9.0.so" />
					<Add library="$(VTK_build)/lib/libvtkFiltersPoints-9.0.so" />
					<Add library="$(VTK_build)/lib/libvtkFiltersProgrammable-9.0.so" />
					<Add library="$(VTK_build)/lib/libvtkFiltersSelection-9.0.so" />
					<Add library="$(VTK_build)/lib/libvtkFiltersSMP-9.0.so" />
					<Add library="$(VTK_build)/lib/libvtkFiltersSources-9.0.so" />
					<Add library="$(VTK_build)/lib/libvtkFiltersStatistics-9.0.so" />
					<Add library="$(VTK_build)/lib/libvtkFiltersTexture-9.0.so" />
					<Add library="$(VTK_build)/lib/libvtkFiltersTopology-9.0.so" />
					<Add library="$(VTK_build)/lib/libvtkFiltersVerdict-9.0.so" />
					<Add library="$(VTK_build)/lib/libvtkfreetype-9.0.so" />
					<Add library="$(VTK_build)/lib/libvtkGeovisCore-9.0.so" />
					<Add library="$(VTK_build)/lib/libvtkgl2ps-9.0.so" />
					<Add library="$(VTK_build)/lib/libvtkglew-9.0.so" />
					<Add library="$(VTK_build)/lib/libvtkhdf5-9.0.so" />
					<Add library="$(VTK_build)/lib/libvtkhdf5_hl-9.0.so" />
					<Add library="$(VTK_build)/lib/libvtkImagingColor-9.0.so" />
					<Add library="$(VTK_build)/lib/libvtkImagingCore-9.0.so" />
					<Add library="$(VTK_build)/lib/libvtkImagingFourier-9.0.so" />
					<Add library="$(VTK_build)/lib/libvtkImagingGeneral-9.0.so" />
					<Add library="$(VTK_build)/lib/libvtkImagingHybrid-9.0.so" />
					<Add library="$(VTK_build)/lib/libvtkImagingMath-9.0.so" />
					<Add library="$(VTK_build)/lib/libvtkImagingMorphological-9.0.so" />
					<Add library="$(VTK_build)/lib/libvtkImagingSources-9.0.so" />
					<Add library="$(VTK_build)/lib/libvtkImagingStatistics-9.0.so" />
					<Add library="$(VTK_build)/lib/libvtkImagingStencil-9.0.so" />
					<Add library="$(VTK_build)/lib/libvtkInfovisCore-9.0.so" />
					<Add library="$(VTK_build)/lib/libvtkInfovisLayout-9.0.so" />
					<Add library="$(VTK_build)/lib/libvtkInteractionImage-9.0.so" />
					<Add library="$(VTK_build)/lib/libvtkInteractionStyle-9.0.so" />
					<Add library="$(VTK_build)/lib/libvtkInteractionWidgets-9.0.so" />
					<Add library="$(VTK_build)/lib/libvtkIOAMR-9.0.so" />
					<Add library="$(VTK_build)/lib/libvtkIOCore-9.0.so" />
					<Add library="$(VTK_build)/lib/libvtkIOEnSight-9.0.so" />
					<Add library="$(VTK_build)/lib/libvtkIOExodus-9.0.so" />
					<Add library="$(VTK_build)/lib/libvtkIOExport-9.0.so" />
					<Add library="$(VTK_build)/lib/libvtkIOGeometry-9.0.so" />
					<Add library="$(VTK_build)/lib/libvtkIOImage-9.0.so" />
					<Add library="$(VTK_build)/lib/libvtkIOImport-9.0.so" />
					<Add library="$(VTK_build)/lib/libvtkIOInfovis-9.0.so" />
					<Add library="$(VTK_build)/lib/libvtkIOLegacy-9.0.so" />
					<Add library="$(VTK_build)/lib/libvtkIOLSDyna-9.0.so" />
					<Add library="$(VTK_build)/lib/libvtkIOMINC-9.0.so" />
					<Add library="$(VTK_build)/lib/libvtkIOMovie-9.0.so" />
					<Add library="$(VTK_build)/lib/libvtkIONetCDF-9.0.so" />
					<Add library="$(VTK_build)/lib/libvtkIOParallel-9.0.so" />
					<Add library="$(VTK_build)/lib/libvtkIOParallelXML-9.0.so" />
					<Add library="$(VTK_build)/lib/libvtkIOPLY-9.0.so" />
					<Add library="$(VTK_build)/lib/libvtkIOSQL-9.0.so" />
					<Add library="$(VTK_build)/lib/libvtkIOTecplotTable-9.0.so" />
					<Add library="$(VTK_build)/lib/libvtkIOVideo-9.0.so" />
					<Add library="$(VTK_build)/lib/libvtkIOXML-9.0.so" />
					<Add library="$(VTK_build)/lib/libvtkIOXMLParser-9.0.so" />
					<Add library="$(VTK_build)/lib/libvtkjpeg-9.0.so" />
					<Add library="$(VTK_build)/lib/libvtkjsoncpp-9.0.so" />
					<Add library="$(VTK_build)/lib/libvtklibharu-9.0.so" />
					<Add library="$(VTK_build)/lib/libvtklibxml2-9.0.so" />
					<Add library="$(VTK_build)/lib/libvtklz4-9.0.so" />
					<Add library="$(VTK_build)/lib/libvtkmetaio-9.0.so" />
					<Add library="$(VTK_build)/lib/libvtkParallelCore-9.0.so" />
					<Add library="$(VTK_build)/lib/libvtkpng-9.0.so" />
					<Add library="$(VTK_build)/lib/libvtkRenderingAnnotation-9.0.so" />
					<Add library="$(VTK_build)/lib/libvtkRenderingContext2D-9.0.so" />
					<Add library="$(VTK_build)/lib/libvtkRenderingCore-9.0.so" />
					<Add library="$(VTK_build)/lib/libvtkRenderingFreeType-9.0.so" />
					<Add library="$(VTK_build)/lib/libvtkRenderingGL2PSOpenGL2-9.0.so" />
					<Add library="$(VTK_build)/lib/libvtkRenderingImage-9.0.so" />
					<Add library="$(VTK_build)/lib/libvtkRenderingLabel-9.0.so" />
					<Add library="$(VTK_build)/lib/libvtkRenderingLOD-9.0.so" />
					<Add library="$(VTK_build)/lib/libvtkRenderingOpenGL2-9.0.so" />
					<Add library="$(VTK_build)/lib/libvtkRenderingVolume-9.0.so" />
					<Add library="$(VTK_build)/lib/libvtkRenderingVolumeOpenGL2-9.0.so" />
					<Add library="$(VTK_build)/lib/libvtksqlite-9.0.so" />
					<Add library="$(VTK_build)/lib/libvtksys-9.0.so" />
					<Add library="$(VTK_build)/lib/libvtktiff-9.0.so" />
					<Add library="$(VTK_build)/lib/libvtkverdict-9.0.so" />
					<Add library="$(VTK_build)/lib/libvtkViewsContext2D-9.0.so" />
					<Add library="$(VTK_build)/lib/libvtkViewsCore-9.0.so" />
					<Add library="$(VTK_build)/lib/libvtkViewsInfovis-9.0.so" />
					<Add library="$(VTK_build)/lib/libvtkzlib-9.0.so" />
					<Add library="/usr/lib/x86_64-linux-gnu/libsuperlu.so" />
				</Linker>
				<Environment>
					<Variable name="VTK" value="/home/arash/Projects/VTK" />
					<Variable name="VTK_build" value="/home/arash/Projects/VTK-build" />
				</Environment>
			</Target>
			<Target title="Release_Han">
				<Option output="bin/Release/UpSpaceAPI" prefix_auto="1" extension_auto="1" />
				<Option object_output="obj/Release/" />
				<Option type="1" />
				<Option compiler="gcc" />
				<Compiler>
					<Add option="-O2" />
					<Add option="-DArash" />
					<Add directory="include" />
					<Add directory="mainsrc" />
				</Compiler>
				<Linker>
					<Add option="-s" />
					<Add library="$(VTK_build)/lib/libvtkalglib-8.90.so" />
					<Add library="$(VTK_build)/lib/libvtkChartsCore-8.90.so" />
					<Add library="$(VTK_build)/lib/libvtkCommonColor-8.90.so" />
					<Add library="$(VTK_build)/lib/libvtkCommonComputationalGeometry-8.90.so" />
					<Add library="$(VTK_build)/lib/libvtkCommonCore-8.90.so" />
					<Add library="$(VTK_build)/lib/libvtkCommonDataModel-8.90.so" />
					<Add library="$(VTK_build)/lib/libvtkCommonExecutionModel-8.90.so" />
					<Add library="$(VTK_build)/lib/libvtkCommonMath-8.90.so" />
					<Add library="$(VTK_build)/lib/libvtkCommonMisc-8.90.so" />
					<Add library="$(VTK_build)/lib/libvtkCommonSystem-8.90.so" />
					<Add library="$(VTK_build)/lib/libvtkCommonTransforms-8.90.so" />
					<Add library="$(VTK_build)/lib/libvtkDICOMParser-8.90.so" />
					<Add library="$(VTK_build)/lib/libvtkDomainsChemistry-8.90.so" />
					<Add library="$(VTK_build)/lib/libvtkDomainsChemistryOpenGL2-8.90.so" />
					<Add library="$(VTK_build)/lib/libvtkexpat-8.90.so" />
					<Add library="$(VTK_build)/lib/libvtkFiltersAMR-8.90.so" />
					<Add library="$(VTK_build)/lib/libvtkFiltersCore-8.90.so" />
					<Add library="$(VTK_build)/lib/libvtkFiltersExtraction-8.90.so" />
					<Add library="$(VTK_build)/lib/libvtkFiltersFlowPaths-8.90.so" />
					<Add library="$(VTK_build)/lib/libvtkFiltersGeneral-8.90.so" />
					<Add library="$(VTK_build)/lib/libvtkFiltersGeneric-8.90.so" />
					<Add library="$(VTK_build)/lib/libvtkFiltersGeometry-8.90.so" />
					<Add library="$(VTK_build)/lib/libvtkFiltersHybrid-8.90.so" />
					<Add library="$(VTK_build)/lib/libvtkFiltersHyperTree-8.90.so" />
					<Add library="$(VTK_build)/lib/libvtkFiltersImaging-8.90.so" />
					<Add library="$(VTK_build)/lib/libvtkFiltersModeling-8.90.so" />
					<Add library="$(VTK_build)/lib/libvtkFiltersParallel-8.90.so" />
					<Add library="$(VTK_build)/lib/libvtkFiltersParallelImaging-8.90.so" />
					<Add library="$(VTK_build)/lib/libvtkFiltersPoints-8.90.so" />
					<Add library="$(VTK_build)/lib/libvtkFiltersProgrammable-8.90.so" />
					<Add library="$(VTK_build)/lib/libvtkFiltersSelection-8.90.so" />
					<Add library="$(VTK_build)/lib/libvtkFiltersSMP-8.90.so" />
					<Add library="$(VTK_build)/lib/libvtkFiltersSources-8.90.so" />
					<Add library="$(VTK_build)/lib/libvtkFiltersStatistics-8.90.so" />
					<Add library="$(VTK_build)/lib/libvtkFiltersTexture-8.90.so" />
					<Add library="$(VTK_build)/lib/libvtkFiltersTopology-8.90.so" />
					<Add library="$(VTK_build)/lib/libvtkFiltersVerdict-8.90.so" />
					<Add library="$(VTK_build)/lib/libvtkfreetype-8.90.so" />
					<Add library="$(VTK_build)/lib/libvtkGeovisCore-8.90.so" />
					<Add library="$(VTK_build)/lib/libvtkgl2ps-8.90.so" />
					<Add library="$(VTK_build)/lib/libvtkglew-8.90.so" />
					<Add library="$(VTK_build)/lib/libvtkhdf5-8.90.so" />
					<Add library="$(VTK_build)/lib/libvtkhdf5_hl-8.90.so" />
					<Add library="$(VTK_build)/lib/libvtkImagingColor-8.90.so" />
					<Add library="$(VTK_build)/lib/libvtkImagingCore-8.90.so" />
					<Add library="$(VTK_build)/lib/libvtkImagingFourier-8.90.so" />
					<Add library="$(VTK_build)/lib/libvtkImagingGeneral-8.90.so" />
					<Add library="$(VTK_build)/lib/libvtkImagingHybrid-8.90.so" />
					<Add library="$(VTK_build)/lib/libvtkImagingMath-8.90.so" />
					<Add library="$(VTK_build)/lib/libvtkImagingMorphological-8.90.so" />
					<Add library="$(VTK_build)/lib/libvtkImagingSources-8.90.so" />
					<Add library="$(VTK_build)/lib/libvtkImagingStatistics-8.90.so" />
					<Add library="$(VTK_build)/lib/libvtkImagingStencil-8.90.so" />
					<Add library="$(VTK_build)/lib/libvtkInfovisCore-8.90.so" />
					<Add library="$(VTK_build)/lib/libvtkInfovisLayout-8.90.so" />
					<Add library="$(VTK_build)/lib/libvtkInteractionImage-8.90.so" />
					<Add library="$(VTK_build)/lib/libvtkInteractionStyle-8.90.so" />
					<Add library="$(VTK_build)/lib/libvtkInteractionWidgets-8.90.so" />
					<Add library="$(VTK_build)/lib/libvtkIOAMR-8.90.so" />
					<Add library="$(VTK_build)/lib/libvtkIOCore-8.90.so" />
					<Add library="$(VTK_build)/lib/libvtkIOEnSight-8.90.so" />
					<Add library="$(VTK_build)/lib/libvtkIOExodus-8.90.so" />
					<Add library="$(VTK_build)/lib/libvtkIOExport-8.90.so" />
					<Add library="$(VTK_build)/lib/libvtkIOGeometry-8.90.so" />
					<Add library="$(VTK_build)/lib/libvtkIOImage-8.90.so" />
					<Add library="$(VTK_build)/lib/libvtkIOImport-8.90.so" />
					<Add library="$(VTK_build)/lib/libvtkIOInfovis-8.90.so" />
					<Add library="$(VTK_build)/lib/libvtkIOLegacy-8.90.so" />
					<Add library="$(VTK_build)/lib/libvtkIOLSDyna-8.90.so" />
					<Add library="$(VTK_build)/lib/libvtkIOMINC-8.90.so" />
					<Add library="$(VTK_build)/lib/libvtkIOMovie-8.90.so" />
					<Add library="$(VTK_build)/lib/libvtkIONetCDF-8.90.so" />
					<Add library="$(VTK_build)/lib/libvtkIOParallel-8.90.so" />
					<Add library="$(VTK_build)/lib/libvtkIOParallelXML-8.90.so" />
					<Add library="$(VTK_build)/lib/libvtkIOPLY-8.90.so" />
					<Add library="$(VTK_build)/lib/libvtkIOSQL-8.90.so" />
					<Add library="$(VTK_build)/lib/libvtkIOTecplotTable-8.90.so" />
					<Add library="$(VTK_build)/lib/libvtkIOVideo-8.90.so" />
					<Add library="$(VTK_build)/lib/libvtkIOXML-8.90.so" />
					<Add library="$(VTK_build)/lib/libvtkIOXMLParser-8.90.so" />
					<Add library="$(VTK_build)/lib/libvtkjpeg-8.90.so" />
					<Add library="$(VTK_build)/lib/libvtkjsoncpp-8.90.so" />
					<Add library="$(VTK_build)/lib/libvtklibharu-8.90.so" />
					<Add library="$(VTK_build)/lib/libvtklibxml2-8.90.so" />
					<Add library="$(VTK_build)/lib/libvtklz4-8.90.so" />
					<Add library="$(VTK_build)/lib/libvtkmetaio-8.90.so" />
					<Add library="$(VTK_build)/lib/libvtkParallelCore-8.90.so" />
					<Add library="$(VTK_build)/lib/libvtkpng-8.90.so" />
					<Add library="$(VTK_build)/lib/libvtkRenderingAnnotation-8.90.so" />
					<Add library="$(VTK_build)/lib/libvtkRenderingContext2D-8.90.so" />
					<Add library="$(VTK_build)/lib/libvtkRenderingContextOpenGL2-8.90.so" />
					<Add library="$(VTK_build)/lib/libvtkRenderingCore-8.90.so" />
					<Add library="$(VTK_build)/lib/libvtkRenderingFreeType-8.90.so" />
					<Add library="$(VTK_build)/lib/libvtkRenderingGL2PSOpenGL2-8.90.so" />
					<Add library="$(VTK_build)/lib/libvtkRenderingImage-8.90.so" />
					<Add library="$(VTK_build)/lib/libvtkRenderingLabel-8.90.so" />
					<Add library="$(VTK_build)/lib/libvtkRenderingLOD-8.90.so" />
					<Add library="$(VTK_build)/lib/libvtkRenderingOpenGL2-8.90.so" />
					<Add library="$(VTK_build)/lib/libvtkRenderingVolume-8.90.so" />
					<Add library="$(VTK_build)/lib/libvtkRenderingVolumeOpenGL2-8.90.so" />
					<Add library="$(VTK_build)/lib/libvtksqlite-8.90.so" />
					<Add library="$(VTK_build)/lib/libvtksys-8.90.so" />
					<Add library="$(VTK_build)/lib/libvtktiff-8.90.so" />
					<Add library="$(VTK_build)/lib/libvtkverdict-8.90.so" />
					<Add library="$(VTK_build)/lib/libvtkViewsContext2D-8.90.so" />
					<Add library="$(VTK_build)/lib/libvtkViewsCore-8.90.so" />
					<Add library="$(VTK_build)/lib/libvtkViewsInfovis-8.90.so" />
					<Add library="$(VTK_build)/lib/libvtkzlib-8.90.so" />
					<Add library="../../../../usr/lib/x86_64-linux-gnu/libsuperlu.so" />
				</Linker>
				<Environment>
					<Variable name="VTK" value="/home/arash/Projects/VTK" />
					<Variable name="VTK_build" value="/home/arash/Projects/VTK-build" />
				</Environment>
			</Target>
			<Target title="Debug_Han">
				<Option output="bin/Debug/UpSpaceAPI" prefix_auto="1" extension_auto="1" />
				<Option object_output="obj/Debug/" />
				<Option type="1" />
				<Option compiler="gcc" />
				<Compiler>
					<Add option="-std=c++0x" />
					<Add option="-g" />
					<Add option="-DArash" />
					<Add directory="include" />
					<Add directory="mainsrc" />
				</Compiler>
				<Linker>
					<Add option="-s" />
					<Add library="$(VTK_build)/lib/libvtkalglib-8.90.so" />
					<Add library="$(VTK_build)/lib/libvtkChartsCore-8.90.so" />
					<Add library="$(VTK_build)/lib/libvtkCommonColor-8.90.so" />
					<Add library="$(VTK_build)/lib/libvtkCommonComputationalGeometry-8.90.so" />
					<Add library="$(VTK_build)/lib/libvtkCommonCore-8.90.so" />
					<Add library="$(VTK_build)/lib/libvtkCommonDataModel-8.90.so" />
					<Add library="$(VTK_build)/lib/libvtkCommonExecutionModel-8.90.so" />
					<Add library="$(VTK_build)/lib/libvtkCommonMath-8.90.so" />
					<Add library="$(VTK_build)/lib/libvtkCommonMisc-8.90.so" />
					<Add library="$(VTK_build)/lib/libvtkCommonSystem-8.90.so" />
					<Add library="$(VTK_build)/lib/libvtkCommonTransforms-8.90.so" />
					<Add library="$(VTK_build)/lib/libvtkDICOMParser-8.90.so" />
					<Add library="$(VTK_build)/lib/libvtkDomainsChemistry-8.90.so" />
					<Add library="$(VTK_build)/lib/libvtkDomainsChemistryOpenGL2-8.90.so" />
					<Add library="$(VTK_build)/lib/libvtkexpat-8.90.so" />
					<Add library="$(VTK_build)/lib/libvtkFiltersAMR-8.90.so" />
					<Add library="$(VTK_build)/lib/libvtkFiltersCore-8.90.so" />
					<Add library="$(VTK_build)/lib/libvtkFiltersExtraction-8.90.so" />
					<Add library="$(VTK_build)/lib/libvtkFiltersFlowPaths-8.90.so" />
					<Add library="$(VTK_build)/lib/libvtkFiltersGeneral-8.90.so" />
					<Add library="$(VTK_build)/lib/libvtkFiltersGeneric-8.90.so" />
					<Add library="$(VTK_build)/lib/libvtkFiltersGeometry-8.90.so" />
					<Add library="$(VTK_build)/lib/libvtkFiltersHybrid-8.90.so" />
					<Add library="$(VTK_build)/lib/libvtkFiltersHyperTree-8.90.so" />
					<Add library="$(VTK_build)/lib/libvtkFiltersImaging-8.90.so" />
					<Add library="$(VTK_build)/lib/libvtkFiltersModeling-8.90.so" />
					<Add library="$(VTK_build)/lib/libvtkFiltersParallel-8.90.so" />
					<Add library="$(VTK_build)/lib/libvtkFiltersParallelImaging-8.90.so" />
					<Add library="$(VTK_build)/lib/libvtkFiltersPoints-8.90.so" />
					<Add library="$(VTK_build)/lib/libvtkFiltersProgrammable-8.90.so" />
					<Add library="$(VTK_build)/lib/libvtkFiltersSelection-8.90.so" />
					<Add library="$(VTK_build)/lib/libvtkFiltersSMP-8.90.so" />
					<Add library="$(VTK_build)/lib/libvtkFiltersSources-8.90.so" />
					<Add library="$(VTK_build)/lib/libvtkFiltersStatistics-8.90.so" />
					<Add library="$(VTK_build)/lib/libvtkFiltersTexture-8.90.so" />
					<Add library="$(VTK_build)/lib/libvtkFiltersTopology-8.90.so" />
					<Add library="$(VTK_build)/lib/libvtkFiltersVerdict-8.90.so" />
					<Add library="$(VTK_build)/lib/libvtkfreetype-8.90.so" />
					<Add library="$(VTK_build)/lib/libvtkGeovisCore-8.90.so" />
					<Add library="$(VTK_build)/lib/libvtkgl2ps-8.90.so" />
					<Add library="$(VTK_build)/lib/libvtkglew-8.90.so" />
					<Add library="$(VTK_build)/lib/libvtkhdf5-8.90.so" />
					<Add library="$(VTK_build)/lib/libvtkhdf5_hl-8.90.so" />
					<Add library="$(VTK_build)/lib/libvtkImagingColor-8.90.so" />
					<Add library="$(VTK_build)/lib/libvtkImagingCore-8.90.so" />
					<Add library="$(VTK_build)/lib/libvtkImagingFourier-8.90.so" />
					<Add library="$(VTK_build)/lib/libvtkImagingGeneral-8.90.so" />
					<Add library="$(VTK_build)/lib/libvtkImagingHybrid-8.90.so" />
					<Add library="$(VTK_build)/lib/libvtkImagingMath-8.90.so" />
					<Add library="$(VTK_build)/lib/libvtkImagingMorphological-8.90.so" />
					<Add library="$(VTK_build)/lib/libvtkImagingSources-8.90.so" />
					<Add library="$(VTK_build)/lib/libvtkImagingStatistics-8.90.so" />
					<Add library="$(VTK_build)/lib/libvtkImagingStencil-8.90.so" />
					<Add library="$(VTK_build)/lib/libvtkInfovisCore-8.90.so" />
					<Add library="$(VTK_build)/lib/libvtkInfovisLayout-8.90.so" />
					<Add library="$(VTK_build)/lib/libvtkInteractionImage-8.90.so" />
					<Add library="$(VTK_build)/lib/libvtkInteractionStyle-8.90.so" />
					<Add library="$(VTK_build)/lib/libvtkInteractionWidgets-8.90.so" />
					<Add library="$(VTK_build)/lib/libvtkIOAMR-8.90.so" />
					<Add library="$(VTK_build)/lib/libvtkIOCore-8.90.so" />
					<Add library="$(VTK_build)/lib/libvtkIOEnSight-8.90.so" />
					<Add library="$(VTK_build)/lib/libvtkIOExodus-8.90.so" />
					<Add library="$(VTK_build)/lib/libvtkIOExport-8.90.so" />
					<Add library="$(VTK_build)/lib/libvtkIOGeometry-8.90.so" />
					<Add library="$(VTK_build)/lib/libvtkIOImage-8.90.so" />
					<Add library="$(VTK_build)/lib/libvtkIOImport-8.90.so" />
					<Add library="$(VTK_build)/lib/libvtkIOInfovis-8.90.so" />
					<Add library="$(VTK_build)/lib/libvtkIOLegacy-8.90.so" />
					<Add library="$(VTK_build)/lib/libvtkIOLSDyna-8.90.so" />
					<Add library="$(VTK_build)/lib/libvtkIOMINC-8.90.so" />
					<Add library="$(VTK_build)/lib/libvtkIOMovie-8.90.so" />
					<Add library="$(VTK_build)/lib/libvtkIONetCDF-8.90.so" />
					<Add library="$(VTK_build)/lib/libvtkIOParallel-8.90.so" />
					<Add library="$(VTK_build)/lib/libvtkIOParallelXML-8.90.so" />
					<Add library="$(VTK_build)/lib/libvtkIOPLY-8.90.so" />
					<Add library="$(VTK_build)/lib/libvtkIOSQL-8.90.so" />
					<Add library="$(VTK_build)/lib/libvtkIOTecplotTable-8.90.so" />
					<Add library="$(VTK_build)/lib/libvtkIOVideo-8.90.so" />
					<Add library="$(VTK_build)/lib/libvtkIOXML-8.90.so" />
					<Add library="$(VTK_build)/lib/libvtkIOXMLParser-8.90.so" />
					<Add library="$(VTK_build)/lib/libvtkjpeg-8.90.so" />
					<Add library="$(VTK_build)/lib/libvtkjsoncpp-8.90.so" />
					<Add library="$(VTK_build)/lib/libvtklibharu-8.90.so" />
					<Add library="$(VTK_build)/lib/libvtklibxml2-8.90.so" />
					<Add library="$(VTK_build)/lib/libvtklz4-8.90.so" />
					<Add library="$(VTK_build)/lib/libvtkmetaio-8.90.so" />
					<Add library="$(VTK_build)/lib/libvtkParallelCore-8.90.so" />
					<Add library="$(VTK_build)/lib/libvtkpng-8.90.so" />
					<Add library="$(VTK_build)/lib/libvtkRenderingAnnotation-8.90.so" />
					<Add library="$(VTK_build)/lib/libvtkRenderingContext2D-8.90.so" />
					<Add library="$(VTK_build)/lib/libvtkRenderingContextOpenGL2-8.90.so" />
					<Add library="$(VTK_build)/lib/libvtkRenderingCore-8.90.so" />
					<Add library="$(VTK_build)/lib/libvtkRenderingFreeType-8.90.so" />
					<Add library="$(VTK_build)/lib/libvtkRenderingGL2PSOpenGL2-8.90.so" />
					<Add library="$(VTK_build)/lib/libvtkRenderingImage-8.90.so" />
					<Add library="$(VTK_build)/lib/libvtkRenderingLabel-8.90.so" />
					<Add library="$(VTK_build)/lib/libvtkRenderingLOD-8.90.so" />
					<Add library="$(VTK_build)/lib/libvtkRenderingOpenGL2-8.90.so" />
					<Add library="$(VTK_build)/lib/libvtkRenderingVolume-8.90.so" />
					<Add library="$(VTK_build)/lib/libvtkRenderingVolumeOpenGL2-8.90.so" />
					<Add library="$(VTK_build)/lib/libvtksqlite-8.90.so" />
					<Add library="$(VTK_build)/lib/libvtksys-8.90.so" />
					<Add library="$(VTK_build)/lib/libvtktiff-8.90.so" />
					<Add library="$(VTK_build)/lib/libvtkverdict-8.90.so" />
					<Add library="$(VTK_build)/lib/libvtkViewsContext2D-8.90.so" />
					<Add library="$(VTK_build)/lib/libvtkViewsCore-8.90.so" />
					<Add library="$(VTK_build)/lib/libvtkViewsInfovis-8.90.so" />
					<Add library="$(VTK_build)/lib/libvtkzlib-8.90.so" />
					<Add library="../../../../usr/lib/x86_64-linux-gnu/libsuperlu.so" />
				</Linker>
				<Environment>
					<Variable name="VTK" value="/home/arash/Projects/VTK" />
					<Variable name="VTK_build" value="/home/arash/Projects/VTK-build" />
				</Environment>
			</Target>
			<Target title="Debug_VTK9">
				<Option output="bin/Debug/UpSpaceAPI" prefix_auto="1" extension_auto="1" />
				<Option object_output="obj/Debug/" />
				<Option type="1" />
				<Option compiler="gcc" />
				<Compiler>
					<Add option="-g" />
					<Add option="-std=c++0x" />
					<Add option="-DPowerEdge820" />
					<Add directory="include" />
					<Add directory="mainsrc" />
				</Compiler>
				<Linker>
					<Add library="$(VTK_build)/lib/libvtkChartsCore-9.0.so" />
					<Add library="$(VTK_build)/lib/libvtkCommonColor-9.0.so" />
					<Add library="$(VTK_build)/lib/libvtkCommonComputationalGeometry-9.0.so" />
					<Add library="$(VTK_build)/lib/libvtkCommonCore-9.0.so" />
					<Add library="$(VTK_build)/lib/libvtkCommonDataModel-9.0.so" />
					<Add library="$(VTK_build)/lib/libvtkCommonExecutionModel-9.0.so" />
					<Add library="$(VTK_build)/lib/libvtkCommonMath-9.0.so" />
					<Add library="$(VTK_build)/lib/libvtkCommonMisc-9.0.so" />
					<Add library="$(VTK_build)/lib/libvtkCommonSystem-9.0.so" />
					<Add library="$(VTK_build)/lib/libvtkCommonTransforms-9.0.so" />
					<Add library="$(VTK_build)/lib/libvtkDICOMParser-9.0.so" />
					<Add library="$(VTK_build)/lib/libvtkDomainsChemistry-9.0.so" />
					<Add library="$(VTK_build)/lib/libvtkFiltersAMR-9.0.so" />
					<Add library="$(VTK_build)/lib/libvtkFiltersCore-9.0.so" />
					<Add library="$(VTK_build)/lib/libvtkFiltersExtraction-9.0.so" />
					<Add library="$(VTK_build)/lib/libvtkFiltersFlowPaths-9.0.so" />
					<Add library="$(VTK_build)/lib/libvtkFiltersGeneral-9.0.so" />
					<Add library="$(VTK_build)/lib/libvtkFiltersGeneric-9.0.so" />
					<Add library="$(VTK_build)/lib/libvtkFiltersGeometry-9.0.so" />
					<Add library="$(VTK_build)/lib/libvtkFiltersHybrid-9.0.so" />
					<Add library="$(VTK_build)/lib/libvtkFiltersHyperTree-9.0.so" />
					<Add library="$(VTK_build)/lib/libvtkFiltersImaging-9.0.so" />
					<Add library="$(VTK_build)/lib/libvtkFiltersModeling-9.0.so" />
					<Add library="$(VTK_build)/lib/libvtkFiltersParallel-9.0.so" />
					<Add library="$(VTK_build)/lib/libvtkFiltersParallelImaging-9.0.so" />
					<Add library="$(VTK_build)/lib/libvtkFiltersPoints-9.0.so" />
					<Add library="$(VTK_build)/lib/libvtkFiltersProgrammable-9.0.so" />
					<Add library="$(VTK_build)/lib/libvtkFiltersSMP-9.0.so" />
					<Add library="$(VTK_build)/lib/libvtkFiltersSelection-9.0.so" />
					<Add library="$(VTK_build)/lib/libvtkFiltersSources-9.0.so" />
					<Add library="$(VTK_build)/lib/libvtkFiltersStatistics-9.0.so" />
					<Add library="$(VTK_build)/lib/libvtkFiltersTexture-9.0.so" />
					<Add library="$(VTK_build)/lib/libvtkFiltersTopology-9.0.so" />
					<Add library="$(VTK_build)/lib/libvtkFiltersVerdict-9.0.so" />
					<Add library="$(VTK_build)/lib/libvtkGeovisCore-9.0.so" />
					<Add library="$(VTK_build)/lib/libvtkIOAMR-9.0.so" />
					<Add library="$(VTK_build)/lib/libvtkIOAsynchronous-9.0.so" />
					<Add library="$(VTK_build)/lib/libvtkIOCore-9.0.so" />
					<Add library="$(VTK_build)/lib/libvtkIOEnSight-9.0.so" />
					<Add library="$(VTK_build)/lib/libvtkIOExodus-9.0.so" />
					<Add library="$(VTK_build)/lib/libvtkIOExport-9.0.so" />
					<Add library="$(VTK_build)/lib/libvtkIOExportPDF-9.0.so" />
					<Add library="$(VTK_build)/lib/libvtkIOGeometry-9.0.so" />
					<Add library="$(VTK_build)/lib/libvtkIOImage-9.0.so" />
					<Add library="$(VTK_build)/lib/libvtkIOImport-9.0.so" />
					<Add library="$(VTK_build)/lib/libvtkIOInfovis-9.0.so" />
					<Add library="$(VTK_build)/lib/libvtkIOLSDyna-9.0.so" />
					<Add library="$(VTK_build)/lib/libvtkIOLegacy-9.0.so" />
					<Add library="$(VTK_build)/lib/libvtkIOMINC-9.0.so" />
					<Add library="$(VTK_build)/lib/libvtkIOMovie-9.0.so" />
					<Add library="$(VTK_build)/lib/libvtkIONetCDF-9.0.so" />
					<Add library="$(VTK_build)/lib/libvtkIOPLY-9.0.so" />
					<Add library="$(VTK_build)/lib/libvtkIOParallel-9.0.so" />
					<Add library="$(VTK_build)/lib/libvtkIOParallelXML-9.0.so" />
					<Add library="$(VTK_build)/lib/libvtkIOSQL-9.0.so" />
					<Add library="$(VTK_build)/lib/libvtkIOSegY-9.0.so" />
					<Add library="$(VTK_build)/lib/libvtkIOTecplotTable-9.0.so" />
					<Add library="$(VTK_build)/lib/libvtkIOVeraOut-9.0.so" />
					<Add library="$(VTK_build)/lib/libvtkIOVideo-9.0.so" />
					<Add library="$(VTK_build)/lib/libvtkIOXML-9.0.so" />
					<Add library="$(VTK_build)/lib/libvtkIOXMLParser-9.0.so" />
					<Add library="$(VTK_build)/lib/libvtkImagingColor-9.0.so" />
					<Add library="$(VTK_build)/lib/libvtkImagingCore-9.0.so" />
					<Add library="$(VTK_build)/lib/libvtkImagingFourier-9.0.so" />
					<Add library="$(VTK_build)/lib/libvtkImagingGeneral-9.0.so" />
					<Add library="$(VTK_build)/lib/libvtkImagingHybrid-9.0.so" />
					<Add library="$(VTK_build)/lib/libvtkImagingMath-9.0.so" />
					<Add library="$(VTK_build)/lib/libvtkImagingMorphological-9.0.so" />
					<Add library="$(VTK_build)/lib/libvtkImagingSources-9.0.so" />
					<Add library="$(VTK_build)/lib/libvtkImagingStatistics-9.0.so" />
					<Add library="$(VTK_build)/lib/libvtkImagingStencil-9.0.so" />
					<Add library="$(VTK_build)/lib/libvtkInfovisCore-9.0.so" />
					<Add library="$(VTK_build)/lib/libvtkInfovisLayout-9.0.so" />
					<Add library="$(VTK_build)/lib/libvtkInteractionImage-9.0.so" />
					<Add library="$(VTK_build)/lib/libvtkInteractionStyle-9.0.so" />
					<Add library="$(VTK_build)/lib/libvtkInteractionWidgets-9.0.so" />
					<Add library="$(VTK_build)/lib/libvtkParallelCore-9.0.so" />
					<Add library="$(VTK_build)/lib/libvtkRenderingAnnotation-9.0.so" />
					<Add library="$(VTK_build)/lib/libvtkRenderingContext2D-9.0.so" />
					<Add library="$(VTK_build)/lib/libvtkRenderingCore-9.0.so" />
					<Add library="$(VTK_build)/lib/libvtkRenderingFreeType-9.0.so" />
					<Add library="$(VTK_build)/lib/libvtkRenderingGL2PSOpenGL2-9.0.so" />
					<Add library="$(VTK_build)/lib/libvtkRenderingImage-9.0.so" />
					<Add library="$(VTK_build)/lib/libvtkRenderingLOD-9.0.so" />
					<Add library="$(VTK_build)/lib/libvtkRenderingLabel-9.0.so" />
					<Add library="$(VTK_build)/lib/libvtkRenderingOpenGL2-9.0.so" />
					<Add library="$(VTK_build)/lib/libvtkRenderingVolume-9.0.so" />
					<Add library="$(VTK_build)/lib/libvtkRenderingVolumeOpenGL2-9.0.so" />
					<Add library="$(VTK_build)/lib/libvtkTestingRendering-9.0.so" />
					<Add library="$(VTK_build)/lib/libvtkViewsContext2D-9.0.so" />
					<Add library="$(VTK_build)/lib/libvtkViewsCore-9.0.so" />
					<Add library="$(VTK_build)/lib/libvtkViewsInfovis-9.0.so" />
					<Add library="$(VTK_build)/lib/libvtkdoubleconversion-9.0.so" />
					<Add library="$(VTK_build)/lib/libvtkexodusII-9.0.so" />
					<Add library="$(VTK_build)/lib/libvtkexpat-9.0.so" />
					<Add library="$(VTK_build)/lib/libvtkfreetype-9.0.so" />
					<Add library="$(VTK_build)/lib/libvtkgl2ps-9.0.so" />
					<Add library="$(VTK_build)/lib/libvtkglew-9.0.so" />
					<Add library="$(VTK_build)/lib/libvtkhdf5-9.0.so" />
					<Add library="$(VTK_build)/lib/libvtkhdf5_hl-9.0.so" />
					<Add library="$(VTK_build)/lib/libvtkjpeg-9.0.so" />
					<Add library="$(VTK_build)/lib/libvtkjsoncpp-9.0.so" />
					<Add library="$(VTK_build)/lib/libvtklibharu-9.0.so" />
					<Add library="$(VTK_build)/lib/libvtklibxml2-9.0.so" />
					<Add library="$(VTK_build)/lib/libvtklz4-9.0.so" />
					<Add library="$(VTK_build)/lib/libvtklzma-9.0.so" />
					<Add library="$(VTK_build)/lib/libvtkmetaio-9.0.so" />
					<Add library="$(VTK_build)/lib/libvtkogg-9.0.so" />
					<Add library="$(VTK_build)/lib/libvtkpng-9.0.so" />
					<Add library="$(VTK_build)/lib/libvtksqlite-9.0.so" />
					<Add library="$(VTK_build)/lib/libvtksys-9.0.so" />
					<Add library="$(VTK_build)/lib/libvtktheora-9.0.so" />
					<Add library="$(VTK_build)/lib/libvtktiff-9.0.so" />
					<Add library="$(VTK_build)/lib/libvtkverdict-9.0.so" />
					<Add library="$(VTK_build)/lib/libvtkzlib-9.0.so" />
					<Add library="../../../../usr/lib/x86_64-linux-gnu/libsuperlu.so" />
				</Linker>
				<Environment>
					<Variable name="VTK" value="/home/arash/Projects/VTK" />
					<Variable name="VTK_build" value="/home/arash/Projects/VTK-build" />
				</Environment>
			</Target>
			<Target title="Release_VTK9">
				<Option output="bin/Release/UpSpaceAPI" prefix_auto="1" extension_auto="1" />
				<Option object_output="obj/Release/" />
				<Option type="1" />
				<Option compiler="gcc" />
				<Compiler>
					<Add option="-O2" />
					<Add option="-DPowerEdge820" />
					<Add directory="include" />
					<Add directory="mainsrc" />
				</Compiler>
				<Linker>
					<Add option="-s" />
					<Add library="$(VTK_build)/lib/libvtkChartsCore-9.0.so" />
					<Add library="$(VTK_build)/lib/libvtkCommonColor-9.0.so" />
					<Add library="$(VTK_build)/lib/libvtkCommonComputationalGeometry-9.0.so" />
					<Add library="$(VTK_build)/lib/libvtkCommonCore-9.0.so" />
					<Add library="$(VTK_build)/lib/libvtkCommonDataModel-9.0.so" />
					<Add library="$(VTK_build)/lib/libvtkCommonExecutionModel-9.0.so" />
					<Add library="$(VTK_build)/lib/libvtkCommonMath-9.0.so" />
					<Add library="$(VTK_build)/lib/libvtkCommonMisc-9.0.so" />
					<Add library="$(VTK_build)/lib/libvtkCommonSystem-9.0.so" />
					<Add library="$(VTK_build)/lib/libvtkCommonTransforms-9.0.so" />
					<Add library="$(VTK_build)/lib/libvtkDICOMParser-9.0.so" />
					<Add library="$(VTK_build)/lib/libvtkDomainsChemistry-9.0.so" />
					<Add library="$(VTK_build)/lib/libvtkFiltersAMR-9.0.so" />
					<Add library="$(VTK_build)/lib/libvtkFiltersCore-9.0.so" />
					<Add library="$(VTK_build)/lib/libvtkFiltersExtraction-9.0.so" />
					<Add library="$(VTK_build)/lib/libvtkFiltersFlowPaths-9.0.so" />
					<Add library="$(VTK_build)/lib/libvtkFiltersGeneral-9.0.so" />
					<Add library="$(VTK_build)/lib/libvtkFiltersGeneric-9.0.so" />
					<Add library="$(VTK_build)/lib/libvtkFiltersGeometry-9.0.so" />
					<Add library="$(VTK_build)/lib/libvtkFiltersHybrid-9.0.so" />
					<Add library="$(VTK_build)/lib/libvtkFiltersHyperTree-9.0.so" />
					<Add library="$(VTK_build)/lib/libvtkFiltersImaging-9.0.so" />
					<Add library="$(VTK_build)/lib/libvtkFiltersModeling-9.0.so" />
					<Add library="$(VTK_build)/lib/libvtkFiltersParallel-9.0.so" />
					<Add library="$(VTK_build)/lib/libvtkFiltersParallelImaging-9.0.so" />
					<Add library="$(VTK_build)/lib/libvtkFiltersPoints-9.0.so" />
					<Add library="$(VTK_build)/lib/libvtkFiltersProgrammable-9.0.so" />
					<Add library="$(VTK_build)/lib/libvtkFiltersSMP-9.0.so" />
					<Add library="$(VTK_build)/lib/libvtkFiltersSelection-9.0.so" />
					<Add library="$(VTK_build)/lib/libvtkFiltersSources-9.0.so" />
					<Add library="$(VTK_build)/lib/libvtkFiltersStatistics-9.0.so" />
					<Add library="$(VTK_build)/lib/libvtkFiltersTexture-9.0.so" />
					<Add library="$(VTK_build)/lib/libvtkFiltersTopology-9.0.so" />
					<Add library="$(VTK_build)/lib/libvtkFiltersVerdict-9.0.so" />
					<Add library="$(VTK_build)/lib/libvtkGeovisCore-9.0.so" />
					<Add library="$(VTK_build)/lib/libvtkIOAMR-9.0.so" />
					<Add library="$(VTK_build)/lib/libvtkIOAsynchronous-9.0.so" />
					<Add library="$(VTK_build)/lib/libvtkIOCore-9.0.so" />
					<Add library="$(VTK_build)/lib/libvtkIOEnSight-9.0.so" />
					<Add library="$(VTK_build)/lib/libvtkIOExodus-9.0.so" />
					<Add library="$(VTK_build)/lib/libvtkIOExport-9.0.so" />
					<Add library="$(VTK_build)/lib/libvtkIOExportPDF-9.0.so" />
					<Add library="$(VTK_build)/lib/libvtkIOGeometry-9.0.so" />
					<Add library="$(VTK_build)/lib/libvtkIOImage-9.0.so" />
					<Add library="$(VTK_build)/lib/libvtkIOImport-9.0.so" />
					<Add library="$(VTK_build)/lib/libvtkIOInfovis-9.0.so" />
					<Add library="$(VTK_build)/lib/libvtkIOLSDyna-9.0.so" />
					<Add library="$(VTK_build)/lib/libvtkIOLegacy-9.0.so" />
					<Add library="$(VTK_build)/lib/libvtkIOMINC-9.0.so" />
					<Add library="$(VTK_build)/lib/libvtkIOMovie-9.0.so" />
					<Add library="$(VTK_build)/lib/libvtkIONetCDF-9.0.so" />
					<Add library="$(VTK_build)/lib/libvtkIOPLY-9.0.so" />
					<Add library="$(VTK_build)/lib/libvtkIOParallel-9.0.so" />
					<Add library="$(VTK_build)/lib/libvtkIOParallelXML-9.0.so" />
					<Add library="$(VTK_build)/lib/libvtkIOSQL-9.0.so" />
					<Add library="$(VTK_build)/lib/libvtkIOSegY-9.0.so" />
					<Add library="$(VTK_build)/lib/libvtkIOTecplotTable-9.0.so" />
					<Add library="$(VTK_build)/lib/libvtkIOVeraOut-9.0.so" />
					<Add library="$(VTK_build)/lib/libvtkIOVideo-9.0.so" />
					<Add library="$(VTK_build)/lib/libvtkIOXML-9.0.so" />
					<Add library="$(VTK_build)/lib/libvtkIOXMLParser-9.0.so" />
					<Add library="$(VTK_build)/lib/libvtkImagingColor-9.0.so" />
					<Add library="$(VTK_build)/lib/libvtkImagingCore-9.0.so" />
					<Add library="$(VTK_build)/lib/libvtkImagingFourier-9.0.so" />
					<Add library="$(VTK_build)/lib/libvtkImagingGeneral-9.0.so" />
					<Add library="$(VTK_build)/lib/libvtkImagingHybrid-9.0.so" />
					<Add library="$(VTK_build)/lib/libvtkImagingMath-9.0.so" />
					<Add library="$(VTK_build)/lib/libvtkImagingMorphological-9.0.so" />
					<Add library="$(VTK_build)/lib/libvtkImagingSources-9.0.so" />
					<Add library="$(VTK_build)/lib/libvtkImagingStatistics-9.0.so" />
					<Add library="$(VTK_build)/lib/libvtkImagingStencil-9.0.so" />
					<Add library="$(VTK_build)/lib/libvtkInfovisCore-9.0.so" />
					<Add library="$(VTK_build)/lib/libvtkInfovisLayout-9.0.so" />
					<Add library="$(VTK_build)/lib/libvtkInteractionImage-9.0.so" />
					<Add library="$(VTK_build)/lib/libvtkInteractionStyle-9.0.so" />
					<Add library="$(VTK_build)/lib/libvtkInteractionWidgets-9.0.so" />
					<Add library="$(VTK_build)/lib/libvtkParallelCore-9.0.so" />
					<Add library="$(VTK_build)/lib/libvtkRenderingAnnotation-9.0.so" />
					<Add library="$(VTK_build)/lib/libvtkRenderingContext2D-9.0.so" />
					<Add library="$(VTK_build)/lib/libvtkRenderingCore-9.0.so" />
					<Add library="$(VTK_build)/lib/libvtkRenderingFreeType-9.0.so" />
					<Add library="$(VTK_build)/lib/libvtkRenderingGL2PSOpenGL2-9.0.so" />
					<Add library="$(VTK_build)/lib/libvtkRenderingImage-9.0.so" />
					<Add library="$(VTK_build)/lib/libvtkRenderingLOD-9.0.so" />
					<Add library="$(VTK_build)/lib/libvtkRenderingLabel-9.0.so" />
					<Add library="$(VTK_build)/lib/libvtkRenderingOpenGL2-9.0.so" />
					<Add library="$(VTK_build)/lib/libvtkRenderingVolume-9.0.so" />
					<Add library="$(VTK_build)/lib/libvtkRenderingVolumeOpenGL2-9.0.so" />
					<Add library="$(VTK_build)/lib/libvtkTestingRendering-9.0.so" />
					<Add library="$(VTK_build)/lib/libvtkViewsContext2D-9.0.so" />
					<Add library="$(VTK_build)/lib/libvtkViewsCore-9.0.so" />
					<Add library="$(VTK_build)/lib/libvtkViewsInfovis-9.0.so" />
					<Add library="$(VTK_build)/lib/libvtkdoubleconversion-9.0.so" />
					<Add library="$(VTK_build)/lib/libvtkexodusII-9.0.so" />
					<Add library="$(VTK_build)/lib/libvtkexpat-9.0.so" />
					<Add library="$(VTK_build)/lib/libvtkfreetype-9.0.so" />
					<Add library="$(VTK_build)/lib/libvtkgl2ps-9.0.so" />
					<Add library="$(VTK_build)/lib/libvtkglew-9.0.so" />
					<Add library="$(VTK_build)/lib/libvtkhdf5-9.0.so" />
					<Add library="$(VTK_build)/lib/libvtkhdf5_hl-9.0.so" />
					<Add library="$(VTK_build)/lib/libvtkjpeg-9.0.so" />
					<Add library="$(VTK_build)/lib/libvtkjsoncpp-9.0.so" />
					<Add library="$(VTK_build)/lib/libvtklibharu-9.0.so" />
					<Add library="$(VTK_build)/lib/libvtklibxml2-9.0.so" />
					<Add library="$(VTK_build)/lib/libvtklz4-9.0.so" />
					<Add library="$(VTK_build)/lib/libvtklzma-9.0.so" />
					<Add library="$(VTK_build)/lib/libvtkmetaio-9.0.so" />
					<Add library="$(VTK_build)/lib/libvtkogg-9.0.so" />
					<Add library="$(VTK_build)/lib/libvtkpng-9.0.so" />
					<Add library="$(VTK_build)/lib/libvtksqlite-9.0.so" />
					<Add library="$(VTK_build)/lib/libvtksys-9.0.so" />
					<Add library="$(VTK_build)/lib/libvtktheora-9.0.so" />
					<Add library="$(VTK_build)/lib/libvtktiff-9.0.so" />
					<Add library="$(VTK_build)/lib/libvtkverdict-9.0.so" />
					<Add library="$(VTK_build)/lib/libvtkzlib-9.0.so" />
					<Add library="../../../../usr/lib/x86_64-linux-gnu/libsuperlu.so" />
				</Linker>
				<Environment>
					<Variable name="VTK" value="/home/arash/Projects/VTK" />
					<Variable name="VTK_build" value="/home/arash/Projects/VTK-build" />
				</Environment>
			</Target>
			<Target title="Debug_Abdulelah">
				<Option output="bin/Debug/UpSpaceAPI" prefix_auto="1" extension_auto="1" />
				<Option object_output="obj/Debug/" />
				<Option type="1" />
				<Option compiler="gcc" />
				<Compiler>
					<Add option="-std=c++0x" />
					<Add option="-g" />
					<Add directory="include" />
					<Add directory="mainsrc" />
				</Compiler>
				<Linker>
					<Add library="../../../usr/lib/x86_64-linux-gnu/libsuperlu.so" />
					<Add library="../VTK-build/VTK-Release-build/lib/libvtkChartsCore-8.2.so" />
					<Add library="../VTK-build/VTK-Release-build/lib/libvtkCommonColor-8.2.so" />
					<Add library="../VTK-build/VTK-Release-build/lib/libvtkCommonComputationalGeometry-8.2.so" />
					<Add library="../VTK-build/VTK-Release-build/lib/libvtkCommonCore-8.2.so" />
					<Add library="../VTK-build/VTK-Release-build/lib/libvtkCommonDataModel-8.2.so" />
					<Add library="../VTK-build/VTK-Release-build/lib/libvtkCommonExecutionModel-8.2.so" />
					<Add library="../VTK-build/VTK-Release-build/lib/libvtkCommonMath-8.2.so" />
					<Add library="../VTK-build/VTK-Release-build/lib/libvtkCommonMisc-8.2.so" />
					<Add library="../VTK-build/VTK-Release-build/lib/libvtkCommonSystem-8.2.so" />
					<Add library="../VTK-build/VTK-Release-build/lib/libvtkCommonTransforms-8.2.so" />
					<Add library="../VTK-build/VTK-Release-build/lib/libvtkDICOMParser-8.2.so" />
					<Add library="../VTK-build/VTK-Release-build/lib/libvtkDomainsChemistry-8.2.so" />
					<Add library="../VTK-build/VTK-Release-build/lib/libvtkDomainsChemistryOpenGL2-8.2.so" />
					<Add library="../VTK-build/VTK-Release-build/lib/libvtkFiltersAMR-8.2.so" />
					<Add library="../VTK-build/VTK-Release-build/lib/libvtkFiltersCore-8.2.so" />
					<Add library="../VTK-build/VTK-Release-build/lib/libvtkFiltersExtraction-8.2.so" />
					<Add library="../VTK-build/VTK-Release-build/lib/libvtkFiltersFlowPaths-8.2.so" />
					<Add library="../VTK-build/VTK-Release-build/lib/libvtkFiltersGeneral-8.2.so" />
					<Add library="../VTK-build/VTK-Release-build/lib/libvtkFiltersGeneric-8.2.so" />
					<Add library="../VTK-build/VTK-Release-build/lib/libvtkFiltersGeometry-8.2.so" />
					<Add library="../VTK-build/VTK-Release-build/lib/libvtkFiltersHybrid-8.2.so" />
					<Add library="../VTK-build/VTK-Release-build/lib/libvtkFiltersHyperTree-8.2.so" />
					<Add library="../VTK-build/VTK-Release-build/lib/libvtkFiltersImaging-8.2.so" />
					<Add library="../VTK-build/VTK-Release-build/lib/libvtkFiltersModeling-8.2.so" />
					<Add library="../VTK-build/VTK-Release-build/lib/libvtkFiltersParallel-8.2.so" />
					<Add library="../VTK-build/VTK-Release-build/lib/libvtkFiltersParallelImaging-8.2.so" />
					<Add library="../VTK-build/VTK-Release-build/lib/libvtkFiltersPoints-8.2.so" />
					<Add library="../VTK-build/VTK-Release-build/lib/libvtkFiltersProgrammable-8.2.so" />
					<Add library="../VTK-build/VTK-Release-build/lib/libvtkFiltersSMP-8.2.so" />
					<Add library="../VTK-build/VTK-Release-build/lib/libvtkFiltersSelection-8.2.so" />
					<Add library="../VTK-build/VTK-Release-build/lib/libvtkFiltersSources-8.2.so" />
					<Add library="../VTK-build/VTK-Release-build/lib/libvtkFiltersStatistics-8.2.so" />
					<Add library="../VTK-build/VTK-Release-build/lib/libvtkFiltersTexture-8.2.so" />
					<Add library="../VTK-build/VTK-Release-build/lib/libvtkFiltersTopology-8.2.so" />
					<Add library="../VTK-build/VTK-Release-build/lib/libvtkFiltersVerdict-8.2.so" />
					<Add library="../VTK-build/VTK-Release-build/lib/libvtkGeovisCore-8.2.so" />
					<Add library="../VTK-build/VTK-Release-build/lib/libvtkIOAMR-8.2.so" />
					<Add library="../VTK-build/VTK-Release-build/lib/libvtkIOAsynchronous-8.2.so" />
					<Add library="../VTK-build/VTK-Release-build/lib/libvtkIOCityGML-8.2.so" />
					<Add library="../VTK-build/VTK-Release-build/lib/libvtkIOCore-8.2.so" />
					<Add library="../VTK-build/VTK-Release-build/lib/libvtkIOEnSight-8.2.so" />
					<Add library="../VTK-build/VTK-Release-build/lib/libvtkIOExodus-8.2.so" />
					<Add library="../VTK-build/VTK-Release-build/lib/libvtkIOExport-8.2.so" />
					<Add library="../VTK-build/VTK-Release-build/lib/libvtkIOExportOpenGL2-8.2.so" />
					<Add library="../VTK-build/VTK-Release-build/lib/libvtkIOExportPDF-8.2.so" />
					<Add library="../VTK-build/VTK-Release-build/lib/libvtkIOGeometry-8.2.so" />
					<Add library="../VTK-build/VTK-Release-build/lib/libvtkIOImage-8.2.so" />
					<Add library="../VTK-build/VTK-Release-build/lib/libvtkIOImport-8.2.so" />
					<Add library="../VTK-build/VTK-Release-build/lib/libvtkIOInfovis-8.2.so" />
					<Add library="../VTK-build/VTK-Release-build/lib/libvtkIOLSDyna-8.2.so" />
					<Add library="../VTK-build/VTK-Release-build/lib/libvtkIOLegacy-8.2.so" />
					<Add library="../VTK-build/VTK-Release-build/lib/libvtkIOMINC-8.2.so" />
					<Add library="../VTK-build/VTK-Release-build/lib/libvtkIOMovie-8.2.so" />
					<Add library="../VTK-build/VTK-Release-build/lib/libvtkIONetCDF-8.2.so" />
					<Add library="../VTK-build/VTK-Release-build/lib/libvtkIOPLY-8.2.so" />
					<Add library="../VTK-build/VTK-Release-build/lib/libvtkIOParallel-8.2.so" />
					<Add library="../VTK-build/VTK-Release-build/lib/libvtkIOParallelXML-8.2.so" />
					<Add library="../VTK-build/VTK-Release-build/lib/libvtkIOSQL-8.2.so" />
					<Add library="../VTK-build/VTK-Release-build/lib/libvtkIOSegY-8.2.so" />
					<Add library="../VTK-build/VTK-Release-build/lib/libvtkIOTecplotTable-8.2.so" />
					<Add library="../VTK-build/VTK-Release-build/lib/libvtkIOVeraOut-8.2.so" />
					<Add library="../VTK-build/VTK-Release-build/lib/libvtkIOVideo-8.2.so" />
					<Add library="../VTK-build/VTK-Release-build/lib/libvtkIOXML-8.2.so" />
					<Add library="../VTK-build/VTK-Release-build/lib/libvtkIOXMLParser-8.2.so" />
					<Add library="../VTK-build/VTK-Release-build/lib/libvtkImagingColor-8.2.so" />
					<Add library="../VTK-build/VTK-Release-build/lib/libvtkImagingCore-8.2.so" />
					<Add library="../VTK-build/VTK-Release-build/lib/libvtkImagingFourier-8.2.so" />
					<Add library="../VTK-build/VTK-Release-build/lib/libvtkImagingGeneral-8.2.so" />
					<Add library="../VTK-build/VTK-Release-build/lib/libvtkImagingHybrid-8.2.so" />
					<Add library="../VTK-build/VTK-Release-build/lib/libvtkImagingMath-8.2.so" />
					<Add library="../VTK-build/VTK-Release-build/lib/libvtkImagingMorphological-8.2.so" />
					<Add library="../VTK-build/VTK-Release-build/lib/libvtkImagingSources-8.2.so" />
					<Add library="../VTK-build/VTK-Release-build/lib/libvtkImagingStatistics-8.2.so" />
					<Add library="../VTK-build/VTK-Release-build/lib/libvtkImagingStencil-8.2.so" />
					<Add library="../VTK-build/VTK-Release-build/lib/libvtkInfovisCore-8.2.so" />
					<Add library="../VTK-build/VTK-Release-build/lib/libvtkInfovisLayout-8.2.so" />
					<Add library="../VTK-build/VTK-Release-build/lib/libvtkInteractionImage-8.2.so" />
					<Add library="../VTK-build/VTK-Release-build/lib/libvtkInteractionStyle-8.2.so" />
					<Add library="../VTK-build/VTK-Release-build/lib/libvtkInteractionWidgets-8.2.so" />
					<Add library="../VTK-build/VTK-Release-build/lib/libvtkNetCDF-8.2.so" />
					<Add library="../VTK-build/VTK-Release-build/lib/libvtkParallelCore-8.2.so" />
					<Add library="../VTK-build/VTK-Release-build/lib/libvtkRenderingAnnotation-8.2.so" />
					<Add library="../VTK-build/VTK-Release-build/lib/libvtkRenderingContext2D-8.2.so" />
					<Add library="../VTK-build/VTK-Release-build/lib/libvtkRenderingContextOpenGL2-8.2.so" />
					<Add library="../VTK-build/VTK-Release-build/lib/libvtkRenderingCore-8.2.so" />
					<Add library="../VTK-build/VTK-Release-build/lib/libvtkRenderingFreeType-8.2.so" />
					<Add library="../VTK-build/VTK-Release-build/lib/libvtkRenderingGL2PSOpenGL2-8.2.so" />
					<Add library="../VTK-build/VTK-Release-build/lib/libvtkRenderingImage-8.2.so" />
					<Add library="../VTK-build/VTK-Release-build/lib/libvtkRenderingLOD-8.2.so" />
					<Add library="../VTK-build/VTK-Release-build/lib/libvtkRenderingLabel-8.2.so" />
					<Add library="../VTK-build/VTK-Release-build/lib/libvtkRenderingOpenGL2-8.2.so" />
					<Add library="../VTK-build/VTK-Release-build/lib/libvtkRenderingVolume-8.2.so" />
					<Add library="../VTK-build/VTK-Release-build/lib/libvtkRenderingVolumeOpenGL2-8.2.so" />
					<Add library="../VTK-build/VTK-Release-build/lib/libvtkViewsContext2D-8.2.so" />
					<Add library="../VTK-build/VTK-Release-build/lib/libvtkViewsCore-8.2.so" />
					<Add library="../VTK-build/VTK-Release-build/lib/libvtkViewsInfovis-8.2.so" />
					<Add library="../VTK-build/VTK-Release-build/lib/libvtkdoubleconversion-8.2.so" />
					<Add library="../VTK-build/VTK-Release-build/lib/libvtkexodusII-8.2.so" />
					<Add library="../VTK-build/VTK-Release-build/lib/libvtkexpat-8.2.so" />
					<Add library="../VTK-build/VTK-Release-build/lib/libvtkfreetype-8.2.so" />
					<Add library="../VTK-build/VTK-Release-build/lib/libvtkgl2ps-8.2.so" />
					<Add library="../VTK-build/VTK-Release-build/lib/libvtkglew-8.2.so" />
					<Add library="../VTK-build/VTK-Release-build/lib/libvtkhdf5-8.2.so" />
					<Add library="../VTK-build/VTK-Release-build/lib/libvtkhdf5_hl-8.2.so" />
					<Add library="../VTK-build/VTK-Release-build/lib/libvtkjpeg-8.2.so" />
					<Add library="../VTK-build/VTK-Release-build/lib/libvtkjsoncpp-8.2.so" />
					<Add library="../VTK-build/VTK-Release-build/lib/libvtklibharu-8.2.so" />
					<Add library="../VTK-build/VTK-Release-build/lib/libvtklibxml2-8.2.so" />
					<Add library="../VTK-build/VTK-Release-build/lib/libvtklz4-8.2.so" />
					<Add library="../VTK-build/VTK-Release-build/lib/libvtklzma-8.2.so" />
					<Add library="../VTK-build/VTK-Release-build/lib/libvtkmetaio-8.2.so" />
					<Add library="../VTK-build/VTK-Release-build/lib/libvtkogg-8.2.so" />
					<Add library="../VTK-build/VTK-Release-build/lib/libvtkpng-8.2.so" />
					<Add library="../VTK-build/VTK-Release-build/lib/libvtkproj-8.2.so" />
					<Add library="../VTK-build/VTK-Release-build/lib/libvtkpugixml-8.2.so" />
					<Add library="../VTK-build/VTK-Release-build/lib/libvtksqlite-8.2.so" />
					<Add library="../VTK-build/VTK-Release-build/lib/libvtksys-8.2.so" />
					<Add library="../VTK-build/VTK-Release-build/lib/libvtktheora-8.2.so" />
					<Add library="../VTK-build/VTK-Release-build/lib/libvtktiff-8.2.so" />
					<Add library="../VTK-build/VTK-Release-build/lib/libvtkverdict-8.2.so" />
					<Add library="../VTK-build/VTK-Release-build/lib/libvtkzlib-8.2.so" />
				</Linker>
				<Environment>
					<Variable name="VTK" value="/home/Abdulelah/VTK-8.2.0" />
					<Variable name="VTK_build" value="/home/Abdulelah/VTK-build/VTK-Release-build" />
				</Environment>
			</Target>
			<Target title="Release_Abdulelah">
				<Option output="bin/Release/UpSpaceAPI" prefix_auto="1" extension_auto="1" />
				<Option object_output="obj/Release/" />
				<Option type="1" />
				<Option compiler="gcc" />
				<Compiler>
					<Add option="-O2" />
					<Add directory="include" />
					<Add directory="mainsrc" />
				</Compiler>
				<Linker>
					<Add option="-s" />
					<Add library="../../../usr/lib/x86_64-linux-gnu/libsuperlu.so" />
					<Add library="../VTK-build/VTK-Release-build/lib/libvtkChartsCore-8.2.so" />
					<Add library="../VTK-build/VTK-Release-build/lib/libvtkCommonColor-8.2.so" />
					<Add library="../VTK-build/VTK-Release-build/lib/libvtkCommonComputationalGeometry-8.2.so" />
					<Add library="../VTK-build/VTK-Release-build/lib/libvtkCommonCore-8.2.so" />
					<Add library="../VTK-build/VTK-Release-build/lib/libvtkCommonDataModel-8.2.so" />
					<Add library="../VTK-build/VTK-Release-build/lib/libvtkCommonExecutionModel-8.2.so" />
					<Add library="../VTK-build/VTK-Release-build/lib/libvtkCommonMath-8.2.so" />
					<Add library="../VTK-build/VTK-Release-build/lib/libvtkCommonMisc-8.2.so" />
					<Add library="../VTK-build/VTK-Release-build/lib/libvtkCommonSystem-8.2.so" />
					<Add library="../VTK-build/VTK-Release-build/lib/libvtkCommonTransforms-8.2.so" />
					<Add library="../VTK-build/VTK-Release-build/lib/libvtkDICOMParser-8.2.so" />
					<Add library="../VTK-build/VTK-Release-build/lib/libvtkDomainsChemistry-8.2.so" />
					<Add library="../VTK-build/VTK-Release-build/lib/libvtkDomainsChemistryOpenGL2-8.2.so" />
					<Add library="../VTK-build/VTK-Release-build/lib/libvtkFiltersAMR-8.2.so" />
					<Add library="../VTK-build/VTK-Release-build/lib/libvtkFiltersCore-8.2.so" />
					<Add library="../VTK-build/VTK-Release-build/lib/libvtkFiltersExtraction-8.2.so" />
					<Add library="../VTK-build/VTK-Release-build/lib/libvtkFiltersFlowPaths-8.2.so" />
					<Add library="../VTK-build/VTK-Release-build/lib/libvtkFiltersGeneral-8.2.so" />
					<Add library="../VTK-build/VTK-Release-build/lib/libvtkFiltersGeneric-8.2.so" />
					<Add library="../VTK-build/VTK-Release-build/lib/libvtkFiltersGeometry-8.2.so" />
					<Add library="../VTK-build/VTK-Release-build/lib/libvtkFiltersHybrid-8.2.so" />
					<Add library="../VTK-build/VTK-Release-build/lib/libvtkFiltersHyperTree-8.2.so" />
					<Add library="../VTK-build/VTK-Release-build/lib/libvtkFiltersImaging-8.2.so" />
					<Add library="../VTK-build/VTK-Release-build/lib/libvtkFiltersModeling-8.2.so" />
					<Add library="../VTK-build/VTK-Release-build/lib/libvtkFiltersParallel-8.2.so" />
					<Add library="../VTK-build/VTK-Release-build/lib/libvtkFiltersParallelImaging-8.2.so" />
					<Add library="../VTK-build/VTK-Release-build/lib/libvtkFiltersPoints-8.2.so" />
					<Add library="../VTK-build/VTK-Release-build/lib/libvtkFiltersProgrammable-8.2.so" />
					<Add library="../VTK-build/VTK-Release-build/lib/libvtkFiltersSMP-8.2.so" />
					<Add library="../VTK-build/VTK-Release-build/lib/libvtkFiltersSelection-8.2.so" />
					<Add library="../VTK-build/VTK-Release-build/lib/libvtkFiltersSources-8.2.so" />
					<Add library="../VTK-build/VTK-Release-build/lib/libvtkFiltersStatistics-8.2.so" />
					<Add library="../VTK-build/VTK-Release-build/lib/libvtkFiltersTexture-8.2.so" />
					<Add library="../VTK-build/VTK-Release-build/lib/libvtkFiltersTopology-8.2.so" />
					<Add library="../VTK-build/VTK-Release-build/lib/libvtkFiltersVerdict-8.2.so" />
					<Add library="../VTK-build/VTK-Release-build/lib/libvtkGeovisCore-8.2.so" />
					<Add library="../VTK-build/VTK-Release-build/lib/libvtkIOAMR-8.2.so" />
					<Add library="../VTK-build/VTK-Release-build/lib/libvtkIOAsynchronous-8.2.so" />
					<Add library="../VTK-build/VTK-Release-build/lib/libvtkIOCityGML-8.2.so" />
					<Add library="../VTK-build/VTK-Release-build/lib/libvtkIOCore-8.2.so" />
					<Add library="../VTK-build/VTK-Release-build/lib/libvtkIOEnSight-8.2.so" />
					<Add library="../VTK-build/VTK-Release-build/lib/libvtkIOExodus-8.2.so" />
					<Add library="../VTK-build/VTK-Release-build/lib/libvtkIOExport-8.2.so" />
					<Add library="../VTK-build/VTK-Release-build/lib/libvtkIOExportOpenGL2-8.2.so" />
					<Add library="../VTK-build/VTK-Release-build/lib/libvtkIOExportPDF-8.2.so" />
					<Add library="../VTK-build/VTK-Release-build/lib/libvtkIOGeometry-8.2.so" />
					<Add library="../VTK-build/VTK-Release-build/lib/libvtkIOImage-8.2.so" />
					<Add library="../VTK-build/VTK-Release-build/lib/libvtkIOImport-8.2.so" />
					<Add library="../VTK-build/VTK-Release-build/lib/libvtkIOInfovis-8.2.so" />
					<Add library="../VTK-build/VTK-Release-build/lib/libvtkIOLSDyna-8.2.so" />
					<Add library="../VTK-build/VTK-Release-build/lib/libvtkIOLegacy-8.2.so" />
					<Add library="../VTK-build/VTK-Release-build/lib/libvtkIOMINC-8.2.so" />
					<Add library="../VTK-build/VTK-Release-build/lib/libvtkIOMovie-8.2.so" />
					<Add library="../VTK-build/VTK-Release-build/lib/libvtkIONetCDF-8.2.so" />
					<Add library="../VTK-build/VTK-Release-build/lib/libvtkIOPLY-8.2.so" />
					<Add library="../VTK-build/VTK-Release-build/lib/libvtkIOParallel-8.2.so" />
					<Add library="../VTK-build/VTK-Release-build/lib/libvtkIOParallelXML-8.2.so" />
					<Add library="../VTK-build/VTK-Release-build/lib/libvtkIOSQL-8.2.so" />
					<Add library="../VTK-build/VTK-Release-build/lib/libvtkIOSegY-8.2.so" />
					<Add library="../VTK-build/VTK-Release-build/lib/libvtkIOTecplotTable-8.2.so" />
					<Add library="../VTK-build/VTK-Release-build/lib/libvtkIOVeraOut-8.2.so" />
					<Add library="../VTK-build/VTK-Release-build/lib/libvtkIOVideo-8.2.so" />
					<Add library="../VTK-build/VTK-Release-build/lib/libvtkIOXML-8.2.so" />
					<Add library="../VTK-build/VTK-Release-build/lib/libvtkIOXMLParser-8.2.so" />
					<Add library="../VTK-build/VTK-Release-build/lib/libvtkImagingColor-8.2.so" />
					<Add library="../VTK-build/VTK-Release-build/lib/libvtkImagingCore-8.2.so" />
					<Add library="../VTK-build/VTK-Release-build/lib/libvtkImagingFourier-8.2.so" />
					<Add library="../VTK-build/VTK-Release-build/lib/libvtkImagingGeneral-8.2.so" />
					<Add library="../VTK-build/VTK-Release-build/lib/libvtkImagingHybrid-8.2.so" />
					<Add library="../VTK-build/VTK-Release-build/lib/libvtkImagingMath-8.2.so" />
					<Add library="../VTK-build/VTK-Release-build/lib/libvtkImagingMorphological-8.2.so" />
					<Add library="../VTK-build/VTK-Release-build/lib/libvtkImagingSources-8.2.so" />
					<Add library="../VTK-build/VTK-Release-build/lib/libvtkImagingStatistics-8.2.so" />
					<Add library="../VTK-build/VTK-Release-build/lib/libvtkImagingStencil-8.2.so" />
					<Add library="../VTK-build/VTK-Release-build/lib/libvtkInfovisCore-8.2.so" />
					<Add library="../VTK-build/VTK-Release-build/lib/libvtkInfovisLayout-8.2.so" />
					<Add library="../VTK-build/VTK-Release-build/lib/libvtkInteractionImage-8.2.so" />
					<Add library="../VTK-build/VTK-Release-build/lib/libvtkInteractionStyle-8.2.so" />
					<Add library="../VTK-build/VTK-Release-build/lib/libvtkInteractionWidgets-8.2.so" />
					<Add library="../VTK-build/VTK-Release-build/lib/libvtkNetCDF-8.2.so" />
					<Add library="../VTK-build/VTK-Release-build/lib/libvtkParallelCore-8.2.so" />
					<Add library="../VTK-build/VTK-Release-build/lib/libvtkRenderingAnnotation-8.2.so" />
					<Add library="../VTK-build/VTK-Release-build/lib/libvtkRenderingContext2D-8.2.so" />
					<Add library="../VTK-build/VTK-Release-build/lib/libvtkRenderingContextOpenGL2-8.2.so" />
					<Add library="../VTK-build/VTK-Release-build/lib/libvtkRenderingCore-8.2.so" />
					<Add library="../VTK-build/VTK-Release-build/lib/libvtkRenderingFreeType-8.2.so" />
					<Add library="../VTK-build/VTK-Release-build/lib/libvtkRenderingGL2PSOpenGL2-8.2.so" />
					<Add library="../VTK-build/VTK-Release-build/lib/libvtkRenderingImage-8.2.so" />
					<Add library="../VTK-build/VTK-Release-build/lib/libvtkRenderingLOD-8.2.so" />
					<Add library="../VTK-build/VTK-Release-build/lib/libvtkRenderingLabel-8.2.so" />
					<Add library="../VTK-build/VTK-Release-build/lib/libvtkRenderingOpenGL2-8.2.so" />
					<Add library="../VTK-build/VTK-Release-build/lib/libvtkRenderingVolume-8.2.so" />
					<Add library="../VTK-build/VTK-Release-build/lib/libvtkRenderingVolumeOpenGL2-8.2.so" />
					<Add library="../VTK-build/VTK-Release-build/lib/libvtkViewsContext2D-8.2.so" />
					<Add library="../VTK-build/VTK-Release-build/lib/libvtkViewsCore-8.2.so" />
					<Add library="../VTK-build/VTK-Release-build/lib/libvtkViewsInfovis-8.2.so" />
					<Add library="../VTK-build/VTK-Release-build/lib/libvtkdoubleconversion-8.2.so" />
					<Add library="../VTK-build/VTK-Release-build/lib/libvtkexodusII-8.2.so" />
					<Add library="../VTK-build/VTK-Release-build/lib/libvtkexpat-8.2.so" />
					<Add library="../VTK-build/VTK-Release-build/lib/libvtkfreetype-8.2.so" />
					<Add library="../VTK-build/VTK-Release-build/lib/libvtkgl2ps-8.2.so" />
					<Add library="../VTK-build/VTK-Release-build/lib/libvtkglew-8.2.so" />
					<Add library="../VTK-build/VTK-Release-build/lib/libvtkhdf5-8.2.so" />
					<Add library="../VTK-build/VTK-Release-build/lib/libvtkhdf5_hl-8.2.so" />
					<Add library="../VTK-build/VTK-Release-build/lib/libvtkjpeg-8.2.so" />
					<Add library="../VTK-build/VTK-Release-build/lib/libvtkjsoncpp-8.2.so" />
					<Add library="../VTK-build/VTK-Release-build/lib/libvtklibharu-8.2.so" />
					<Add library="../VTK-build/VTK-Release-build/lib/libvtklibxml2-8.2.so" />
					<Add library="../VTK-build/VTK-Release-build/lib/libvtklz4-8.2.so" />
					<Add library="../VTK-build/VTK-Release-build/lib/libvtklzma-8.2.so" />
					<Add library="../VTK-build/VTK-Release-build/lib/libvtkmetaio-8.2.so" />
					<Add library="../VTK-build/VTK-Release-build/lib/libvtkogg-8.2.so" />
					<Add library="../VTK-build/VTK-Release-build/lib/libvtkpng-8.2.so" />
					<Add library="../VTK-build/VTK-Release-build/lib/libvtkproj-8.2.so" />
					<Add library="../VTK-build/VTK-Release-build/lib/libvtkpugixml-8.2.so" />
					<Add library="../VTK-build/VTK-Release-build/lib/libvtksqlite-8.2.so" />
					<Add library="../VTK-build/VTK-Release-build/lib/libvtksys-8.2.so" />
					<Add library="../VTK-build/VTK-Release-build/lib/libvtktheora-8.2.so" />
					<Add library="../VTK-build/VTK-Release-build/lib/libvtktiff-8.2.so" />
					<Add library="../VTK-build/VTK-Release-build/lib/libvtkverdict-8.2.so" />
					<Add library="../VTK-build/VTK-Release-build/lib/libvtkzlib-8.2.so" />
				</Linker>
				<Environment>
					<Variable name="VTK" value="/home/Abdulelah/VTK-8.2.0" />
					<Variable name="VTK_build" value="/home/Abdulelah/VTK-build/VTK-Release-build" />
				</Environment>
			</Target>
			<Environment>
				<Variable name="VTK_v" value="9.0" />
			</Environment>
		</Build>
		<Compiler>
			<Add option="-Wall" />
			<Add option="-std=c++0x" />
			<Add option="-fexceptions" />
			<Add option="-fopenmp" />
			<Add option="-Dsymetrical" />
			<Add directory="$(VTK)/Common/Core" />
			<Add directory="mainsrc" />
			<Add directory="$(VTK_build)/Common/Core" />
			<Add directory="$(VTK_build)/Common/Color" />
			<Add directory="$(VTK_build)/Common/DataModel" />
			<Add directory="$(VTK_build)/Utilities/KWIML" />
			<Add directory="$(VTK)/Utilities/KWIML" />
			<Add directory="$(VTK)/Rendering/Core" />
			<Add directory="$(VTK_build)/Rendering/Core" />
			<Add directory="$(VTK_build)/Filters/Core" />
			<Add directory="$(VTK)/Charts/Core" />
			<Add directory="$(VTK_build)/Charts/Core" />
			<Add directory="$(VTK_build)/Filters/General" />
			<Add directory="$(VTK_build)/Rendering/Context2D" />
			<Add directory="$(VTK)/Rendering/Context2D" />
			<Add directory="$(VTK)/Common/DataModel" />
			<Add directory="$(VTK)/Common/Math" />
			<Add directory="$(VTK)/Views/Context2D" />
			<Add directory="$(VTK_build)/Views/Context2D" />
			<Add directory="$(VTK_build)/Views/Core" />
			<Add directory="$(VTK_build)/Interaction/Widgets" />
			<Add directory="$(VTK)/Views/Core" />
			<Add directory="$(VTK)/Interaction/Style" />
			<Add directory="$(VTK_build)/Interaction/Style" />
			<Add directory="utilities" />
			<Add directory="$(VTK)/Filters/Modeling" />
			<Add directory="$(VTK_build)/Filters/Modeling" />
			<Add directory="../../../../../usr/local/include/vtk-8.1" />
			<Add directory="$(VTK)/Common/ExecutionModel" />
			<Add directory="$(VTK_build)/Common/ExecutionModel" />
			<Add directory="$(VTK)/Interaction/Widgets/" />
			<Add directory="$(VTK)/Filters/Core/" />
			<Add directory="$(VTK)/Common/Misc/" />
			<Add directory="$(VTK_build)/Common/Misc" />
			<Add directory="$(VTK)/IO/XML/" />
			<Add directory="$(VTK_build)/IO/XML" />
			<Add directory="$(VTK)/Filters/Sources" />
			<Add directory="$(VTK_build)/Filters/Sources" />
			<Add directory="$(VTK)/Filters/General" />
			<Add directory="$(VTK)/IO/Image" />
			<Add directory="$(VTK_build)/IO/Image" />
			<Add directory="$(VTK)/Imaging/Core" />
			<Add directory="$(VTK_build)/Imaging/Core" />
		</Compiler>
		<Linker>
			<Add option="-lgomp" />
			<Add option="-pthread" />
			<Add option="-lblas" />
			<Add option="-llapack" />
			<Add option="-larmadillo" />
			<Add option="-lsuperlu" />
			<Add library="../../../../../usr/lib/x86_64-linux-gnu/libgsl.so" />
			<Add library="../../../../../usr/lib/x86_64-linux-gnu/libgslcblas.so" />
		</Linker>
		<Unit filename="include/OneDGrid.h" />
		<Unit filename="include/ThreeDGrid.h" />
		<Unit filename="mainsrc/MapAsTimeSeriesSet.cpp" />
		<Unit filename="mainsrc/MapAsTimeSeriesSet.h" />
		<Unit filename="mainsrc/Pathway.cpp" />
		<Unit filename="mainsrc/Pathway.h" />
		<Unit filename="mainsrc/PathwaySet.cpp" />
		<Unit filename="mainsrc/PathwaySet.h" />
		<Unit filename="mainsrc/Plots.cpp" />
		<Unit filename="mainsrc/Position.cpp" />
		<Unit filename="mainsrc/Position.h" />
		<Unit filename="mainsrc/_command.cpp" />
		<Unit filename="mainsrc/_command.h" />
		<Unit filename="mainsrc/main.cpp" />
		<Unit filename="mainsrc/vtk.h" />
		<Unit filename="src/ThreeDGrid.cpp" />
		<Unit filename="utilities/2DMap.cpp" />
		<Unit filename="utilities/2DMap.h" />
		<Unit filename="utilities/BTC.cpp" />
		<Unit filename="utilities/BTC.h" />
		<Unit filename="utilities/BTCSet.cpp" />
		<Unit filename="utilities/BTCSet.h" />
		<Unit filename="utilities/Concentrations.cpp" />
		<Unit filename="utilities/Concentrations.h" />
		<Unit filename="utilities/Copula.cpp" />
		<Unit filename="utilities/Copula.h" />
		<Unit filename="utilities/Distribution.cpp" />
		<Unit filename="utilities/Distribution.h" />
		<Unit filename="utilities/Grid.cpp" />
		<Unit filename="utilities/Grid.h" />
		<Unit filename="utilities/Matrix.cpp" />
		<Unit filename="utilities/Matrix.h" />
		<Unit filename="utilities/Matrix_arma.cpp" />
		<Unit filename="utilities/Matrix_arma.h" />
		<Unit filename="utilities/Matrix_arma_sp.cpp" />
		<Unit filename="utilities/Matrix_arma_sp.h" />
		<Unit filename="utilities/NormalDist.cpp" />
		<Unit filename="utilities/NormalDist.h" />
		<Unit filename="utilities/OneDGrid.cpp" />
		<Unit filename="utilities/OneDGrid.h" />
		<Unit filename="utilities/QuickSort.cpp" />
		<Unit filename="utilities/QuickSort.h" />
		<Unit filename="utilities/StringOP.cpp" />
		<Unit filename="utilities/StringOP.h" />
		<Unit filename="utilities/Vector.cpp" />
		<Unit filename="utilities/Vector.h" />
		<Unit filename="utilities/Vector_arma.cpp" />
		<Unit filename="utilities/Vector_arma.h" />
		<Extensions />
	</Project>
</CodeBlocks_project_file>
