<?xml version="1.0" encoding="UTF-8" standalone="yes" ?>
<CodeBlocks_project_file>
	<FileVersion major="1" minor="6" />
	<Project>
		<Option title="UpSpaceAPI" />
		<Option pch_mode="2" />
		<Option compiler="gcc" />
		<Build>
			<Target title="Debug">
				<Option output="bin/Debug/UpSpaceAPI" prefix_auto="1" extension_auto="1" />
				<Option object_output="obj/Debug/" />
				<Option type="1" />
				<Option compiler="gcc" />
				<Compiler>
					<Add option="-g" />
					<Add directory="$$(VTK)/Common/Core" />
					<Add directory="../Qt_version/HETEVAL/HETEVAL" />
					<Add directory="../../../VTK-8.1-build/Common/Core" />
					<Add directory="../../../VTK-8.1-build/Common/Color" />
					<Add directory="../../../VTK-8.1-build/Common/DataModel" />
					<Add directory="../../../VTK-8.1-build/Utilities/KWIML" />
					<Add directory="../../../VTK-8.1.0/Utilities/KWIML" />
					<Add directory="../../../VTK-8.1.0/Rendering/Core" />
					<Add directory="../../../VTK-8.1-build/Rendering/Core" />
					<Add directory="../../../VTK-8.1-build/Filters/Core" />
					<Add directory="../../../VTK-8.1.0/Charts/Core" />
					<Add directory="../../../VTK-8.1-build/Charts/Core" />
					<Add directory="../../../VTK-8.1-build/Filters/General" />
					<Add directory="../../../VTK-8.1-build/Rendering/Context2D" />
					<Add directory="../../../VTK-8.1.0/Rendering/Context2D" />
					<Add directory="../../../VTK-8.1.0/Common/DataModel" />
					<Add directory="../../../VTK-8.1.0/Common/Math" />
					<Add directory="../../../VTK-8.1.0/Views/Context2D" />
					<Add directory="../../../VTK-8.1-build/Views/Context2D" />
					<Add directory="../../../VTK-8.1-build/Views/Core" />
					<Add directory="../../../VTK-8.1-build/Interaction/Widgets" />
					<Add directory="../../../VTK-8.1.0/Views/Core" />
					<Add directory="../../../VTK-8.1.0/Interaction/Style" />
					<Add directory="../../../VTK-8.1-build/Interaction/Style" />
				</Compiler>
				<Linker>
					<Add library="../../../VTK-8.1-build/lib/libvtkalglib-8.1.so" />
					<Add library="../../../VTK-8.1-build/lib/libvtkChartsCore-8.1.so" />
					<Add library="../../../VTK-8.1-build/lib/libvtkCommonColor-8.1.so" />
					<Add library="../../../VTK-8.1-build/lib/libvtkCommonComputationalGeometry-8.1.so" />
					<Add library="$$(VTK_build)/lib/libvtkCommonCore-8.1.so" />
					<Add library="../../../VTK-8.1-build/lib/libvtkCommonDataModel-8.1.so" />
					<Add library="../../../VTK-8.1-build/lib/libvtkCommonExecutionModel-8.1.so" />
					<Add library="../../../VTK-8.1-build/lib/libvtkCommonMath-8.1.so" />
					<Add library="../../../VTK-8.1-build/lib/libvtkCommonMisc-8.1.so" />
					<Add library="../../../VTK-8.1-build/lib/libvtkCommonSystem-8.1.so" />
					<Add library="../../../VTK-8.1-build/lib/libvtkCommonTransforms-8.1.so" />
					<Add library="../../../VTK-8.1-build/lib/libvtkDICOMParser-8.1.so" />
					<Add library="../../../VTK-8.1-build/lib/libvtkDomainsChemistry-8.1.so" />
					<Add library="../../../VTK-8.1-build/lib/libvtkDomainsChemistryOpenGL2-8.1.so" />
					<Add library="../../../VTK-8.1-build/lib/libvtkexoIIc-8.1.so" />
					<Add library="../../../VTK-8.1-build/lib/libvtkexpat-8.1.so" />
					<Add library="../../../VTK-8.1-build/lib/libvtkFiltersAMR-8.1.so" />
					<Add library="../../../VTK-8.1-build/lib/libvtkFiltersCore-8.1.so" />
					<Add library="../../../VTK-8.1-build/lib/libvtkFiltersExtraction-8.1.so" />
					<Add library="../../../VTK-8.1-build/lib/libvtkFiltersFlowPaths-8.1.so" />
					<Add library="../../../VTK-8.1-build/lib/libvtkFiltersGeneral-8.1.so" />
					<Add library="../../../VTK-8.1-build/lib/libvtkFiltersGeneric-8.1.so" />
					<Add library="../../../VTK-8.1-build/lib/libvtkFiltersGeometry-8.1.so" />
					<Add library="../../../VTK-8.1-build/lib/libvtkFiltersHybrid-8.1.so" />
					<Add library="../../../VTK-8.1-build/lib/libvtkFiltersHyperTree-8.1.so" />
					<Add library="../../../VTK-8.1-build/lib/libvtkFiltersImaging-8.1.so" />
					<Add library="../../../VTK-8.1-build/lib/libvtkFiltersModeling-8.1.so" />
					<Add library="../../../VTK-8.1-build/lib/libvtkFiltersParallel-8.1.so" />
					<Add library="../../../VTK-8.1-build/lib/libvtkFiltersParallelImaging-8.1.so" />
					<Add library="../../../VTK-8.1-build/lib/libvtkFiltersPoints-8.1.so" />
					<Add library="../../../VTK-8.1-build/lib/libvtkFiltersProgrammable-8.1.so" />
					<Add library="../../../VTK-8.1-build/lib/libvtkFiltersSelection-8.1.so" />
					<Add library="../../../VTK-8.1-build/lib/libvtkFiltersSMP-8.1.so" />
					<Add library="../../../VTK-8.1-build/lib/libvtkFiltersSources-8.1.so" />
					<Add library="../../../VTK-8.1-build/lib/libvtkFiltersStatistics-8.1.so" />
					<Add library="../../../VTK-8.1-build/lib/libvtkFiltersTexture-8.1.so" />
					<Add library="../../../VTK-8.1-build/lib/libvtkFiltersTopology-8.1.so" />
					<Add library="../../../VTK-8.1-build/lib/libvtkFiltersVerdict-8.1.so" />
					<Add library="../../../VTK-8.1-build/lib/libvtkfreetype-8.1.so" />
					<Add library="../../../VTK-8.1-build/lib/libvtkGeovisCore-8.1.so" />
					<Add library="../../../VTK-8.1-build/lib/libvtkgl2ps-8.1.so" />
					<Add library="../../../VTK-8.1-build/lib/libvtkglew-8.1.so" />
					<Add library="../../../VTK-8.1-build/lib/libvtkhdf5-8.1.so" />
					<Add library="../../../VTK-8.1-build/lib/libvtkhdf5_hl-8.1.so" />
					<Add library="../../../VTK-8.1-build/lib/libvtkImagingColor-8.1.so" />
					<Add library="../../../VTK-8.1-build/lib/libvtkImagingCore-8.1.so" />
					<Add library="../../../VTK-8.1-build/lib/libvtkImagingFourier-8.1.so" />
					<Add library="../../../VTK-8.1-build/lib/libvtkImagingGeneral-8.1.so" />
					<Add library="../../../VTK-8.1-build/lib/libvtkImagingHybrid-8.1.so" />
					<Add library="../../../VTK-8.1-build/lib/libvtkImagingMath-8.1.so" />
					<Add library="../../../VTK-8.1-build/lib/libvtkImagingMorphological-8.1.so" />
					<Add library="../../../VTK-8.1-build/lib/libvtkImagingSources-8.1.so" />
					<Add library="../../../VTK-8.1-build/lib/libvtkImagingStatistics-8.1.so" />
					<Add library="../../../VTK-8.1-build/lib/libvtkImagingStencil-8.1.so" />
					<Add library="../../../VTK-8.1-build/lib/libvtkInfovisCore-8.1.so" />
					<Add library="../../../VTK-8.1-build/lib/libvtkInfovisLayout-8.1.so" />
					<Add library="../../../VTK-8.1-build/lib/libvtkInteractionImage-8.1.so" />
					<Add library="../../../VTK-8.1-build/lib/libvtkInteractionStyle-8.1.so" />
					<Add library="../../../VTK-8.1-build/lib/libvtkInteractionWidgets-8.1.so" />
					<Add library="../../../VTK-8.1-build/lib/libvtkIOAMR-8.1.so" />
					<Add library="../../../VTK-8.1-build/lib/libvtkIOCore-8.1.so" />
					<Add library="../../../VTK-8.1-build/lib/libvtkIOEnSight-8.1.so" />
					<Add library="../../../VTK-8.1-build/lib/libvtkIOExodus-8.1.so" />
					<Add library="../../../VTK-8.1-build/lib/libvtkIOExport-8.1.so" />
					<Add library="../../../VTK-8.1-build/lib/libvtkIOExportOpenGL2-8.1.so" />
					<Add library="../../../VTK-8.1-build/lib/libvtkIOGeometry-8.1.so" />
					<Add library="../../../VTK-8.1-build/lib/libvtkIOImage-8.1.so" />
					<Add library="../../../VTK-8.1-build/lib/libvtkIOImport-8.1.so" />
					<Add library="../../../VTK-8.1-build/lib/libvtkIOInfovis-8.1.so" />
					<Add library="../../../VTK-8.1-build/lib/libvtkIOLegacy-8.1.so" />
					<Add library="../../../VTK-8.1-build/lib/libvtkIOLSDyna-8.1.so" />
					<Add library="../../../VTK-8.1-build/lib/libvtkIOMINC-8.1.so" />
					<Add library="../../../VTK-8.1-build/lib/libvtkIOMovie-8.1.so" />
					<Add library="../../../VTK-8.1-build/lib/libvtkIONetCDF-8.1.so" />
					<Add library="../../../VTK-8.1-build/lib/libvtkIOParallel-8.1.so" />
					<Add library="../../../VTK-8.1-build/lib/libvtkIOParallelXML-8.1.so" />
					<Add library="../../../VTK-8.1-build/lib/libvtkIOPLY-8.1.so" />
					<Add library="../../../VTK-8.1-build/lib/libvtkIOSQL-8.1.so" />
					<Add library="../../../VTK-8.1-build/lib/libvtkIOTecplotTable-8.1.so" />
					<Add library="../../../VTK-8.1-build/lib/libvtkIOVideo-8.1.so" />
					<Add library="../../../VTK-8.1-build/lib/libvtkIOXML-8.1.so" />
					<Add library="../../../VTK-8.1-build/lib/libvtkIOXMLParser-8.1.so" />
					<Add library="../../../VTK-8.1-build/lib/libvtkjpeg-8.1.so" />
					<Add library="../../../VTK-8.1-build/lib/libvtkjsoncpp-8.1.so" />
					<Add library="../../../VTK-8.1-build/lib/libvtklibharu-8.1.so" />
					<Add library="../../../VTK-8.1-build/lib/libvtklibxml2-8.1.so" />
					<Add library="../../../VTK-8.1-build/lib/libvtklz4-8.1.so" />
					<Add library="../../../VTK-8.1-build/lib/libvtkmetaio-8.1.so" />
					<Add library="../../../VTK-8.1-build/lib/libvtkNetCDF-8.1.so" />
					<Add library="../../../VTK-8.1-build/lib/libvtknetcdfcpp-8.1.so" />
					<Add library="../../../VTK-8.1-build/lib/libvtkoggtheora-8.1.so" />
					<Add library="../../../VTK-8.1-build/lib/libvtkParallelCore-8.1.so" />
					<Add library="../../../VTK-8.1-build/lib/libvtkpng-8.1.so" />
					<Add library="../../../VTK-8.1-build/lib/libvtkproj4-8.1.so" />
					<Add library="../../../VTK-8.1-build/lib/libvtkRenderingAnnotation-8.1.so" />
					<Add library="../../../VTK-8.1-build/lib/libvtkRenderingContext2D-8.1.so" />
					<Add library="../../../VTK-8.1-build/lib/libvtkRenderingContextOpenGL2-8.1.so" />
					<Add library="../../../VTK-8.1-build/lib/libvtkRenderingCore-8.1.so" />
					<Add library="../../../VTK-8.1-build/lib/libvtkRenderingFreeType-8.1.so" />
					<Add library="../../../VTK-8.1-build/lib/libvtkRenderingGL2PSOpenGL2-8.1.so" />
					<Add library="../../../VTK-8.1-build/lib/libvtkRenderingImage-8.1.so" />
					<Add library="../../../VTK-8.1-build/lib/libvtkRenderingLabel-8.1.so" />
					<Add library="../../../VTK-8.1-build/lib/libvtkRenderingLOD-8.1.so" />
					<Add library="../../../VTK-8.1-build/lib/libvtkRenderingOpenGL2-8.1.so" />
					<Add library="../../../VTK-8.1-build/lib/libvtkRenderingVolume-8.1.so" />
					<Add library="../../../VTK-8.1-build/lib/libvtkRenderingVolumeOpenGL2-8.1.so" />
					<Add library="../../../VTK-8.1-build/lib/libvtksqlite-8.1.so" />
					<Add library="../../../VTK-8.1-build/lib/libvtksys-8.1.so" />
					<Add library="../../../VTK-8.1-build/lib/libvtktiff-8.1.so" />
					<Add library="../../../VTK-8.1-build/lib/libvtkverdict-8.1.so" />
					<Add library="../../../VTK-8.1-build/lib/libvtkViewsContext2D-8.1.so" />
					<Add library="../../../VTK-8.1-build/lib/libvtkViewsCore-8.1.so" />
					<Add library="../../../VTK-8.1-build/lib/libvtkViewsInfovis-8.1.so" />
					<Add library="../../../VTK-8.1-build/lib/libvtkzlib-8.1.so" />
				</Linker>
				<Environment>
					<Variable name="VTK" value="/home/arash/VTK-8.1.0" />
					<Variable name="VTK_build" value="/home/arash/VTK-8.1-build" />
				</Environment>
			</Target>
			<Target title="Release">
				<Option output="bin/Release/UpSpaceAPI" prefix_auto="1" extension_auto="1" />
				<Option object_output="obj/Release/" />
				<Option type="1" />
				<Option compiler="gcc" />
				<Compiler>
					<Add option="-O2" />
					<Add directory="$$(VTK)/Common/Core" />
				</Compiler>
				<Linker>
					<Add option="-s" />
					<Add library="../../../VTK-8.1-build/lib/libvtkalglib-8.1.so" />
					<Add library="../../../VTK-8.1-build/lib/libvtkChartsCore-8.1.so" />
					<Add library="../../../VTK-8.1-build/lib/libvtkCommonColor-8.1.so" />
					<Add library="../../../VTK-8.1-build/lib/libvtkCommonComputationalGeometry-8.1.so" />
					<Add library="$$(VTK_build)/lib/libvtkCommonCore-8.1.so" />
					<Add library="../../../VTK-8.1-build/lib/libvtkCommonDataModel-8.1.so" />
					<Add library="../../../VTK-8.1-build/lib/libvtkCommonExecutionModel-8.1.so" />
					<Add library="../../../VTK-8.1-build/lib/libvtkCommonMath-8.1.so" />
					<Add library="../../../VTK-8.1-build/lib/libvtkCommonMisc-8.1.so" />
					<Add library="../../../VTK-8.1-build/lib/libvtkCommonSystem-8.1.so" />
					<Add library="../../../VTK-8.1-build/lib/libvtkCommonTransforms-8.1.so" />
					<Add library="../../../VTK-8.1-build/lib/libvtkDICOMParser-8.1.so" />
					<Add library="../../../VTK-8.1-build/lib/libvtkDomainsChemistry-8.1.so" />
					<Add library="../../../VTK-8.1-build/lib/libvtkDomainsChemistryOpenGL2-8.1.so" />
					<Add library="../../../VTK-8.1-build/lib/libvtkexoIIc-8.1.so" />
					<Add library="../../../VTK-8.1-build/lib/libvtkexpat-8.1.so" />
					<Add library="../../../VTK-8.1-build/lib/libvtkFiltersAMR-8.1.so" />
					<Add library="../../../VTK-8.1-build/lib/libvtkFiltersCore-8.1.so" />
					<Add library="../../../VTK-8.1-build/lib/libvtkFiltersExtraction-8.1.so" />
					<Add library="../../../VTK-8.1-build/lib/libvtkFiltersFlowPaths-8.1.so" />
					<Add library="../../../VTK-8.1-build/lib/libvtkFiltersGeneral-8.1.so" />
					<Add library="../../../VTK-8.1-build/lib/libvtkFiltersGeneric-8.1.so" />
					<Add library="../../../VTK-8.1-build/lib/libvtkFiltersGeometry-8.1.so" />
					<Add library="../../../VTK-8.1-build/lib/libvtkFiltersHybrid-8.1.so" />
					<Add library="../../../VTK-8.1-build/lib/libvtkFiltersHyperTree-8.1.so" />
					<Add library="../../../VTK-8.1-build/lib/libvtkFiltersImaging-8.1.so" />
					<Add library="../../../VTK-8.1-build/lib/libvtkFiltersModeling-8.1.so" />
					<Add library="../../../VTK-8.1-build/lib/libvtkFiltersParallel-8.1.so" />
					<Add library="../../../VTK-8.1-build/lib/libvtkFiltersParallelImaging-8.1.so" />
					<Add library="../../../VTK-8.1-build/lib/libvtkFiltersPoints-8.1.so" />
					<Add library="../../../VTK-8.1-build/lib/libvtkFiltersProgrammable-8.1.so" />
					<Add library="../../../VTK-8.1-build/lib/libvtkFiltersSelection-8.1.so" />
					<Add library="../../../VTK-8.1-build/lib/libvtkFiltersSMP-8.1.so" />
					<Add library="../../../VTK-8.1-build/lib/libvtkFiltersSources-8.1.so" />
					<Add library="../../../VTK-8.1-build/lib/libvtkFiltersStatistics-8.1.so" />
					<Add library="../../../VTK-8.1-build/lib/libvtkFiltersTexture-8.1.so" />
					<Add library="../../../VTK-8.1-build/lib/libvtkFiltersTopology-8.1.so" />
					<Add library="../../../VTK-8.1-build/lib/libvtkFiltersVerdict-8.1.so" />
					<Add library="../../../VTK-8.1-build/lib/libvtkfreetype-8.1.so" />
					<Add library="../../../VTK-8.1-build/lib/libvtkGeovisCore-8.1.so" />
					<Add library="../../../VTK-8.1-build/lib/libvtkgl2ps-8.1.so" />
					<Add library="../../../VTK-8.1-build/lib/libvtkglew-8.1.so" />
					<Add library="../../../VTK-8.1-build/lib/libvtkhdf5-8.1.so" />
					<Add library="../../../VTK-8.1-build/lib/libvtkhdf5_hl-8.1.so" />
					<Add library="../../../VTK-8.1-build/lib/libvtkImagingColor-8.1.so" />
					<Add library="../../../VTK-8.1-build/lib/libvtkImagingCore-8.1.so" />
					<Add library="../../../VTK-8.1-build/lib/libvtkImagingFourier-8.1.so" />
					<Add library="../../../VTK-8.1-build/lib/libvtkImagingGeneral-8.1.so" />
					<Add library="../../../VTK-8.1-build/lib/libvtkImagingHybrid-8.1.so" />
					<Add library="../../../VTK-8.1-build/lib/libvtkImagingMath-8.1.so" />
					<Add library="../../../VTK-8.1-build/lib/libvtkImagingMorphological-8.1.so" />
					<Add library="../../../VTK-8.1-build/lib/libvtkImagingSources-8.1.so" />
					<Add library="../../../VTK-8.1-build/lib/libvtkImagingStatistics-8.1.so" />
					<Add library="../../../VTK-8.1-build/lib/libvtkImagingStencil-8.1.so" />
					<Add library="../../../VTK-8.1-build/lib/libvtkInfovisCore-8.1.so" />
					<Add library="../../../VTK-8.1-build/lib/libvtkInfovisLayout-8.1.so" />
					<Add library="../../../VTK-8.1-build/lib/libvtkInteractionImage-8.1.so" />
					<Add library="../../../VTK-8.1-build/lib/libvtkInteractionStyle-8.1.so" />
					<Add library="../../../VTK-8.1-build/lib/libvtkInteractionWidgets-8.1.so" />
					<Add library="../../../VTK-8.1-build/lib/libvtkIOAMR-8.1.so" />
					<Add library="../../../VTK-8.1-build/lib/libvtkIOCore-8.1.so" />
					<Add library="../../../VTK-8.1-build/lib/libvtkIOEnSight-8.1.so" />
					<Add library="../../../VTK-8.1-build/lib/libvtkIOExodus-8.1.so" />
					<Add library="../../../VTK-8.1-build/lib/libvtkIOExport-8.1.so" />
					<Add library="../../../VTK-8.1-build/lib/libvtkIOExportOpenGL2-8.1.so" />
					<Add library="../../../VTK-8.1-build/lib/libvtkIOGeometry-8.1.so" />
					<Add library="../../../VTK-8.1-build/lib/libvtkIOImage-8.1.so" />
					<Add library="../../../VTK-8.1-build/lib/libvtkIOImport-8.1.so" />
					<Add library="../../../VTK-8.1-build/lib/libvtkIOInfovis-8.1.so" />
					<Add library="../../../VTK-8.1-build/lib/libvtkIOLegacy-8.1.so" />
					<Add library="../../../VTK-8.1-build/lib/libvtkIOLSDyna-8.1.so" />
					<Add library="../../../VTK-8.1-build/lib/libvtkIOMINC-8.1.so" />
					<Add library="../../../VTK-8.1-build/lib/libvtkIOMovie-8.1.so" />
					<Add library="../../../VTK-8.1-build/lib/libvtkIONetCDF-8.1.so" />
					<Add library="../../../VTK-8.1-build/lib/libvtkIOParallel-8.1.so" />
					<Add library="../../../VTK-8.1-build/lib/libvtkIOParallelXML-8.1.so" />
					<Add library="../../../VTK-8.1-build/lib/libvtkIOPLY-8.1.so" />
					<Add library="../../../VTK-8.1-build/lib/libvtkIOSQL-8.1.so" />
					<Add library="../../../VTK-8.1-build/lib/libvtkIOTecplotTable-8.1.so" />
					<Add library="../../../VTK-8.1-build/lib/libvtkIOVideo-8.1.so" />
					<Add library="../../../VTK-8.1-build/lib/libvtkIOXML-8.1.so" />
					<Add library="../../../VTK-8.1-build/lib/libvtkIOXMLParser-8.1.so" />
					<Add library="../../../VTK-8.1-build/lib/libvtkjpeg-8.1.so" />
					<Add library="../../../VTK-8.1-build/lib/libvtkjsoncpp-8.1.so" />
					<Add library="../../../VTK-8.1-build/lib/libvtklibharu-8.1.so" />
					<Add library="../../../VTK-8.1-build/lib/libvtklibxml2-8.1.so" />
					<Add library="../../../VTK-8.1-build/lib/libvtklz4-8.1.so" />
					<Add library="../../../VTK-8.1-build/lib/libvtkmetaio-8.1.so" />
					<Add library="../../../VTK-8.1-build/lib/libvtkNetCDF-8.1.so" />
					<Add library="../../../VTK-8.1-build/lib/libvtknetcdfcpp-8.1.so" />
					<Add library="../../../VTK-8.1-build/lib/libvtkoggtheora-8.1.so" />
					<Add library="../../../VTK-8.1-build/lib/libvtkParallelCore-8.1.so" />
					<Add library="../../../VTK-8.1-build/lib/libvtkpng-8.1.so" />
					<Add library="../../../VTK-8.1-build/lib/libvtkproj4-8.1.so" />
					<Add library="../../../VTK-8.1-build/lib/libvtkRenderingAnnotation-8.1.so" />
					<Add library="../../../VTK-8.1-build/lib/libvtkRenderingContext2D-8.1.so" />
					<Add library="../../../VTK-8.1-build/lib/libvtkRenderingContextOpenGL2-8.1.so" />
					<Add library="../../../VTK-8.1-build/lib/libvtkRenderingCore-8.1.so" />
					<Add library="../../../VTK-8.1-build/lib/libvtkRenderingFreeType-8.1.so" />
					<Add library="../../../VTK-8.1-build/lib/libvtkRenderingGL2PSOpenGL2-8.1.so" />
					<Add library="../../../VTK-8.1-build/lib/libvtkRenderingImage-8.1.so" />
					<Add library="../../../VTK-8.1-build/lib/libvtkRenderingLabel-8.1.so" />
					<Add library="../../../VTK-8.1-build/lib/libvtkRenderingLOD-8.1.so" />
					<Add library="../../../VTK-8.1-build/lib/libvtkRenderingOpenGL2-8.1.so" />
					<Add library="../../../VTK-8.1-build/lib/libvtkRenderingVolume-8.1.so" />
					<Add library="../../../VTK-8.1-build/lib/libvtkRenderingVolumeOpenGL2-8.1.so" />
					<Add library="../../../VTK-8.1-build/lib/libvtksqlite-8.1.so" />
					<Add library="../../../VTK-8.1-build/lib/libvtksys-8.1.so" />
					<Add library="../../../VTK-8.1-build/lib/libvtktiff-8.1.so" />
					<Add library="../../../VTK-8.1-build/lib/libvtkverdict-8.1.so" />
					<Add library="../../../VTK-8.1-build/lib/libvtkViewsContext2D-8.1.so" />
					<Add library="../../../VTK-8.1-build/lib/libvtkViewsCore-8.1.so" />
					<Add library="../../../VTK-8.1-build/lib/libvtkViewsInfovis-8.1.so" />
					<Add library="../../../VTK-8.1-build/lib/libvtkzlib-8.1.so" />
				</Linker>
			</Target>
		</Build>
		<Compiler>
			<Add option="-Wall" />
			<Add option="-fexceptions" />
		</Compiler>
		<Unit filename="../2D_Laplace/2D_Laplace/BTC.cpp" />
		<Unit filename="../2D_Laplace/2D_Laplace/BTC.h" />
		<Unit filename="../2D_Laplace/2D_Laplace/BTCSet.cpp" />
		<Unit filename="../2D_Laplace/2D_Laplace/BTCSet.h" />
		<Unit filename="../2D_Laplace/2D_Laplace/Copula.cpp" />
		<Unit filename="../2D_Laplace/2D_Laplace/Copula.h" />
		<Unit filename="../2D_Laplace/2D_Laplace/Distribution.cpp" />
		<Unit filename="../2D_Laplace/2D_Laplace/Distribution.h" />
		<Unit filename="../2D_Laplace/2D_Laplace/Grid.cpp" />
		<Unit filename="../2D_Laplace/2D_Laplace/Grid.h" />
		<Unit filename="../2D_Laplace/2D_Laplace/Matrix.cpp" />
		<Unit filename="../2D_Laplace/2D_Laplace/Matrix.h" />
		<Unit filename="../2D_Laplace/2D_Laplace/Matrix_arma.cpp" />
		<Unit filename="../2D_Laplace/2D_Laplace/Matrix_arma.h" />
		<Unit filename="../2D_Laplace/2D_Laplace/Matrix_arma_sp.cpp" />
		<Unit filename="../2D_Laplace/2D_Laplace/Matrix_arma_sp.h" />
		<Unit filename="../2D_Laplace/2D_Laplace/NormalDist.cpp" />
		<Unit filename="../2D_Laplace/2D_Laplace/NormalDist.h" />
		<Unit filename="../2D_Laplace/2D_Laplace/QuickSort.cpp" />
		<Unit filename="../2D_Laplace/2D_Laplace/QuickSort.h" />
		<Unit filename="../2D_Laplace/2D_Laplace/StringOP.cpp" />
		<Unit filename="../2D_Laplace/2D_Laplace/StringOP.h" />
		<Unit filename="../2D_Laplace/2D_Laplace/Vector.cpp" />
		<Unit filename="../2D_Laplace/2D_Laplace/Vector.h" />
		<Unit filename="../2D_Laplace/2D_Laplace/Vector_arma.cpp" />
		<Unit filename="../2D_Laplace/2D_Laplace/Vector_arma.h" />
		<Unit filename="../Qt_version/HETEVAL/HETEVAL/Pathway.cpp" />
		<Unit filename="../Qt_version/HETEVAL/HETEVAL/Pathway.h" />
		<Unit filename="../Qt_version/HETEVAL/HETEVAL/PathwaySet.cpp" />
		<Unit filename="../Qt_version/HETEVAL/HETEVAL/PathwaySet.h" />
		<Unit filename="../Qt_version/HETEVAL/HETEVAL/Plots.cpp" />
		<Unit filename="../Qt_version/HETEVAL/HETEVAL/Position.cpp" />
		<Unit filename="../Qt_version/HETEVAL/HETEVAL/Position.h" />
		<Unit filename="../Qt_version/HETEVAL/HETEVAL/Spectogram.cpp" />
		<Unit filename="../Qt_version/HETEVAL/HETEVAL/Spectogram.h" />
		<Unit filename="../Qt_version/HETEVAL/HETEVAL/_command.cpp" />
		<Unit filename="../Qt_version/HETEVAL/HETEVAL/_command.h" />
		<Unit filename="../Qt_version/HETEVAL/HETEVAL/heteval.cpp" />
		<Unit filename="../Qt_version/HETEVAL/HETEVAL/heteval.h" />
		<Unit filename="../Qt_version/HETEVAL/HETEVAL/main.cpp" />
		<Unit filename="../Qt_version/HETEVAL/HETEVAL/newForm.cpp" />
		<Unit filename="../Qt_version/HETEVAL/HETEVAL/newForm.h" />
		<Unit filename="../Qt_version/HETEVAL/HETEVAL/newForm.ui" />
		<Extensions>
			<code_completion />
			<debugger />
		</Extensions>
	</Project>
</CodeBlocks_project_file>
